
Microsoft Visual Studio Solution File, Format Version 12.00
# Visual Studio Version 16
VisualStudioVersion = 16.0.28407.52
MinimumVisualStudioVersion = 10.0.40219.1
Project("{2150E333-8FDC-42A3-9474-1A3956D46DE8}") = "Targets", "Targets", "{B3B306B8-9A3D-4CD6-81FD-9C9EAB3C5788}"
EndProject
Project("{FAE04EC0-301F-11D3-BF4B-00C04F79EFBC}") = "DotNetRu.Android", "DotNetRu.Android\DotNetRu.Android.csproj", "{C4B4592F-6AC4-4FE6-B63E-5D2DE47FD340}"
EndProject
Project("{FAE04EC0-301F-11D3-BF4B-00C04F79EFBC}") = "DotNetRu.iOS", "DotNetRu.iOS\DotNetRu.iOS.csproj", "{22F77CDE-8816-45D7-A7A1-CA9282145F0A}"
EndProject
Project("{9A19103F-16F7-4668-BE54-9A1E7A4F7556}") = "DotNetRu.Clients.UI", "DotNetRu.Clients.UI\DotNetRu.Clients.UI.csproj", "{CD2623BD-3609-4BE9-80EF-0974F3A1A27D}"
EndProject
Project("{9A19103F-16F7-4668-BE54-9A1E7A4F7556}") = "DotNetRu.Utils", "DotNetRu.Utils\DotNetRu.Utils.csproj", "{DFA0F0F6-C396-412E-86A9-E9095F71CC36}"
EndProject
Project("{9A19103F-16F7-4668-BE54-9A1E7A4F7556}") = "DotNetRu.DataStore.Audit", "DotNetRu.DataStore.Audit\DotNetRu.DataStore.Audit.csproj", "{7B4C73DF-8A4A-4AD1-92D9-A064065CDD71}"
EndProject
Project("{FAE04EC0-301F-11D3-BF4B-00C04F79EFBC}") = "DotNetRu.UWP", "DotNetRu.UWP\DotNetRu.UWP.csproj", "{A8B9FFDA-76CD-48FD-ACCD-C27C48F1BC85}"
EndProject
Project("{2150E333-8FDC-42A3-9474-1A3956D46DE8}") = "Solution Items", "Solution Items", "{B20890AA-A26B-4C29-B848-D24FFEE1DE7C}"
	ProjectSection(SolutionItems) = preProject
		.editorconfig = .editorconfig
		.gitignore = .gitignore
		appcenter-pre-build.sh = appcenter-pre-build.sh
	EndProjectSection
EndProject
Global
	GlobalSection(SolutionConfigurationPlatforms) = preSolution
		Debug|Any CPU = Debug|Any CPU
		Debug|ARM = Debug|ARM
		Debug|iPhone = Debug|iPhone
		Debug|iPhoneSimulator = Debug|iPhoneSimulator
		Debug|x64 = Debug|x64
		Debug|x86 = Debug|x86
		LivePlayer|Any CPU = LivePlayer|Any CPU
		LivePlayer|ARM = LivePlayer|ARM
		LivePlayer|iPhone = LivePlayer|iPhone
		LivePlayer|iPhoneSimulator = LivePlayer|iPhoneSimulator
		LivePlayer|x64 = LivePlayer|x64
		LivePlayer|x86 = LivePlayer|x86
		Release|Any CPU = Release|Any CPU
		Release|ARM = Release|ARM
		Release|iPhone = Release|iPhone
		Release|iPhoneSimulator = Release|iPhoneSimulator
		Release|x64 = Release|x64
		Release|x86 = Release|x86
		UITest|Any CPU = UITest|Any CPU
		UITest|ARM = UITest|ARM
		UITest|iPhone = UITest|iPhone
		UITest|iPhoneSimulator = UITest|iPhoneSimulator
		UITest|x64 = UITest|x64
		UITest|x86 = UITest|x86
	EndGlobalSection
	GlobalSection(ProjectConfigurationPlatforms) = postSolution
		{C4B4592F-6AC4-4FE6-B63E-5D2DE47FD340}.Debug|Any CPU.ActiveCfg = Debug|Any CPU
		{C4B4592F-6AC4-4FE6-B63E-5D2DE47FD340}.Debug|Any CPU.Build.0 = Debug|Any CPU
		{C4B4592F-6AC4-4FE6-B63E-5D2DE47FD340}.Debug|Any CPU.Deploy.0 = Debug|Any CPU
		{C4B4592F-6AC4-4FE6-B63E-5D2DE47FD340}.Debug|ARM.ActiveCfg = Debug|Any CPU
		{C4B4592F-6AC4-4FE6-B63E-5D2DE47FD340}.Debug|ARM.Build.0 = Debug|Any CPU
		{C4B4592F-6AC4-4FE6-B63E-5D2DE47FD340}.Debug|ARM.Deploy.0 = Debug|Any CPU
		{C4B4592F-6AC4-4FE6-B63E-5D2DE47FD340}.Debug|iPhone.ActiveCfg = Debug|Any CPU
		{C4B4592F-6AC4-4FE6-B63E-5D2DE47FD340}.Debug|iPhone.Build.0 = Debug|Any CPU
		{C4B4592F-6AC4-4FE6-B63E-5D2DE47FD340}.Debug|iPhoneSimulator.ActiveCfg = Debug|Any CPU
		{C4B4592F-6AC4-4FE6-B63E-5D2DE47FD340}.Debug|iPhoneSimulator.Build.0 = Debug|Any CPU
		{C4B4592F-6AC4-4FE6-B63E-5D2DE47FD340}.Debug|iPhoneSimulator.Deploy.0 = Debug|Any CPU
		{C4B4592F-6AC4-4FE6-B63E-5D2DE47FD340}.Debug|x64.ActiveCfg = Debug|Any CPU
		{C4B4592F-6AC4-4FE6-B63E-5D2DE47FD340}.Debug|x64.Build.0 = Debug|Any CPU
		{C4B4592F-6AC4-4FE6-B63E-5D2DE47FD340}.Debug|x64.Deploy.0 = Debug|Any CPU
		{C4B4592F-6AC4-4FE6-B63E-5D2DE47FD340}.Debug|x86.ActiveCfg = Debug|Any CPU
		{C4B4592F-6AC4-4FE6-B63E-5D2DE47FD340}.Debug|x86.Build.0 = Debug|Any CPU
		{C4B4592F-6AC4-4FE6-B63E-5D2DE47FD340}.Debug|x86.Deploy.0 = Debug|Any CPU
		{C4B4592F-6AC4-4FE6-B63E-5D2DE47FD340}.LivePlayer|Any CPU.ActiveCfg = Release|Any CPU
		{C4B4592F-6AC4-4FE6-B63E-5D2DE47FD340}.LivePlayer|Any CPU.Build.0 = Release|Any CPU
		{C4B4592F-6AC4-4FE6-B63E-5D2DE47FD340}.LivePlayer|Any CPU.Deploy.0 = Release|Any CPU
		{C4B4592F-6AC4-4FE6-B63E-5D2DE47FD340}.LivePlayer|ARM.ActiveCfg = Debug|Any CPU
		{C4B4592F-6AC4-4FE6-B63E-5D2DE47FD340}.LivePlayer|ARM.Build.0 = Debug|Any CPU
		{C4B4592F-6AC4-4FE6-B63E-5D2DE47FD340}.LivePlayer|ARM.Deploy.0 = Debug|Any CPU
		{C4B4592F-6AC4-4FE6-B63E-5D2DE47FD340}.LivePlayer|iPhone.ActiveCfg = Debug|Any CPU
		{C4B4592F-6AC4-4FE6-B63E-5D2DE47FD340}.LivePlayer|iPhone.Build.0 = Debug|Any CPU
		{C4B4592F-6AC4-4FE6-B63E-5D2DE47FD340}.LivePlayer|iPhoneSimulator.ActiveCfg = Debug|Any CPU
		{C4B4592F-6AC4-4FE6-B63E-5D2DE47FD340}.LivePlayer|iPhoneSimulator.Build.0 = Debug|Any CPU
		{C4B4592F-6AC4-4FE6-B63E-5D2DE47FD340}.LivePlayer|x64.ActiveCfg = Debug|Any CPU
		{C4B4592F-6AC4-4FE6-B63E-5D2DE47FD340}.LivePlayer|x64.Build.0 = Debug|Any CPU
		{C4B4592F-6AC4-4FE6-B63E-5D2DE47FD340}.LivePlayer|x64.Deploy.0 = Debug|Any CPU
		{C4B4592F-6AC4-4FE6-B63E-5D2DE47FD340}.LivePlayer|x86.ActiveCfg = Debug|Any CPU
		{C4B4592F-6AC4-4FE6-B63E-5D2DE47FD340}.LivePlayer|x86.Build.0 = Debug|Any CPU
		{C4B4592F-6AC4-4FE6-B63E-5D2DE47FD340}.LivePlayer|x86.Deploy.0 = Debug|Any CPU
		{C4B4592F-6AC4-4FE6-B63E-5D2DE47FD340}.Release|Any CPU.ActiveCfg = Release|Any CPU
		{C4B4592F-6AC4-4FE6-B63E-5D2DE47FD340}.Release|Any CPU.Build.0 = Release|Any CPU
		{C4B4592F-6AC4-4FE6-B63E-5D2DE47FD340}.Release|Any CPU.Deploy.0 = Release|Any CPU
		{C4B4592F-6AC4-4FE6-B63E-5D2DE47FD340}.Release|ARM.ActiveCfg = Release|Any CPU
		{C4B4592F-6AC4-4FE6-B63E-5D2DE47FD340}.Release|ARM.Build.0 = Release|Any CPU
		{C4B4592F-6AC4-4FE6-B63E-5D2DE47FD340}.Release|ARM.Deploy.0 = Release|Any CPU
		{C4B4592F-6AC4-4FE6-B63E-5D2DE47FD340}.Release|iPhone.ActiveCfg = Release|Any CPU
		{C4B4592F-6AC4-4FE6-B63E-5D2DE47FD340}.Release|iPhone.Build.0 = Release|Any CPU
		{C4B4592F-6AC4-4FE6-B63E-5D2DE47FD340}.Release|iPhoneSimulator.ActiveCfg = Release|Any CPU
		{C4B4592F-6AC4-4FE6-B63E-5D2DE47FD340}.Release|iPhoneSimulator.Build.0 = Release|Any CPU
		{C4B4592F-6AC4-4FE6-B63E-5D2DE47FD340}.Release|x64.ActiveCfg = Release|Any CPU
		{C4B4592F-6AC4-4FE6-B63E-5D2DE47FD340}.Release|x64.Build.0 = Release|Any CPU
		{C4B4592F-6AC4-4FE6-B63E-5D2DE47FD340}.Release|x64.Deploy.0 = Release|Any CPU
		{C4B4592F-6AC4-4FE6-B63E-5D2DE47FD340}.Release|x86.ActiveCfg = Release|Any CPU
		{C4B4592F-6AC4-4FE6-B63E-5D2DE47FD340}.Release|x86.Build.0 = Release|Any CPU
		{C4B4592F-6AC4-4FE6-B63E-5D2DE47FD340}.Release|x86.Deploy.0 = Release|Any CPU
		{C4B4592F-6AC4-4FE6-B63E-5D2DE47FD340}.UITest|Any CPU.ActiveCfg = Release|Any CPU
		{C4B4592F-6AC4-4FE6-B63E-5D2DE47FD340}.UITest|Any CPU.Build.0 = Release|Any CPU
		{C4B4592F-6AC4-4FE6-B63E-5D2DE47FD340}.UITest|Any CPU.Deploy.0 = Release|Any CPU
		{C4B4592F-6AC4-4FE6-B63E-5D2DE47FD340}.UITest|ARM.ActiveCfg = Release|Any CPU
		{C4B4592F-6AC4-4FE6-B63E-5D2DE47FD340}.UITest|ARM.Build.0 = Release|Any CPU
		{C4B4592F-6AC4-4FE6-B63E-5D2DE47FD340}.UITest|ARM.Deploy.0 = Release|Any CPU
		{C4B4592F-6AC4-4FE6-B63E-5D2DE47FD340}.UITest|iPhone.ActiveCfg = Release|Any CPU
		{C4B4592F-6AC4-4FE6-B63E-5D2DE47FD340}.UITest|iPhone.Build.0 = Release|Any CPU
		{C4B4592F-6AC4-4FE6-B63E-5D2DE47FD340}.UITest|iPhone.Deploy.0 = Release|Any CPU
		{C4B4592F-6AC4-4FE6-B63E-5D2DE47FD340}.UITest|iPhoneSimulator.ActiveCfg = Release|Any CPU
		{C4B4592F-6AC4-4FE6-B63E-5D2DE47FD340}.UITest|iPhoneSimulator.Build.0 = Release|Any CPU
		{C4B4592F-6AC4-4FE6-B63E-5D2DE47FD340}.UITest|iPhoneSimulator.Deploy.0 = Release|Any CPU
		{C4B4592F-6AC4-4FE6-B63E-5D2DE47FD340}.UITest|x64.ActiveCfg = Release|Any CPU
		{C4B4592F-6AC4-4FE6-B63E-5D2DE47FD340}.UITest|x64.Build.0 = Release|Any CPU
		{C4B4592F-6AC4-4FE6-B63E-5D2DE47FD340}.UITest|x64.Deploy.0 = Release|Any CPU
		{C4B4592F-6AC4-4FE6-B63E-5D2DE47FD340}.UITest|x86.ActiveCfg = Release|Any CPU
		{C4B4592F-6AC4-4FE6-B63E-5D2DE47FD340}.UITest|x86.Build.0 = Release|Any CPU
		{C4B4592F-6AC4-4FE6-B63E-5D2DE47FD340}.UITest|x86.Deploy.0 = Release|Any CPU
		{22F77CDE-8816-45D7-A7A1-CA9282145F0A}.Debug|Any CPU.ActiveCfg = Debug|iPhoneSimulator
		{22F77CDE-8816-45D7-A7A1-CA9282145F0A}.Debug|Any CPU.Build.0 = Debug|iPhoneSimulator
		{22F77CDE-8816-45D7-A7A1-CA9282145F0A}.Debug|ARM.ActiveCfg = Debug|Any CPU
		{22F77CDE-8816-45D7-A7A1-CA9282145F0A}.Debug|ARM.Build.0 = Debug|Any CPU
		{22F77CDE-8816-45D7-A7A1-CA9282145F0A}.Debug|iPhone.ActiveCfg = Debug|iPhone
		{22F77CDE-8816-45D7-A7A1-CA9282145F0A}.Debug|iPhone.Build.0 = Debug|iPhone
		{22F77CDE-8816-45D7-A7A1-CA9282145F0A}.Debug|iPhoneSimulator.ActiveCfg = Debug|iPhoneSimulator
		{22F77CDE-8816-45D7-A7A1-CA9282145F0A}.Debug|iPhoneSimulator.Build.0 = Debug|iPhoneSimulator
		{22F77CDE-8816-45D7-A7A1-CA9282145F0A}.Debug|x64.ActiveCfg = Debug|Any CPU
		{22F77CDE-8816-45D7-A7A1-CA9282145F0A}.Debug|x64.Build.0 = Debug|Any CPU
		{22F77CDE-8816-45D7-A7A1-CA9282145F0A}.Debug|x86.ActiveCfg = Debug|Any CPU
		{22F77CDE-8816-45D7-A7A1-CA9282145F0A}.Debug|x86.Build.0 = Debug|Any CPU
		{22F77CDE-8816-45D7-A7A1-CA9282145F0A}.LivePlayer|Any CPU.ActiveCfg = Debug|iPhoneSimulator
		{22F77CDE-8816-45D7-A7A1-CA9282145F0A}.LivePlayer|Any CPU.Build.0 = Debug|iPhoneSimulator
		{22F77CDE-8816-45D7-A7A1-CA9282145F0A}.LivePlayer|ARM.ActiveCfg = Debug|Any CPU
		{22F77CDE-8816-45D7-A7A1-CA9282145F0A}.LivePlayer|ARM.Build.0 = Debug|Any CPU
		{22F77CDE-8816-45D7-A7A1-CA9282145F0A}.LivePlayer|iPhone.ActiveCfg = Debug|iPhone
		{22F77CDE-8816-45D7-A7A1-CA9282145F0A}.LivePlayer|iPhone.Build.0 = Debug|iPhone
		{22F77CDE-8816-45D7-A7A1-CA9282145F0A}.LivePlayer|iPhoneSimulator.ActiveCfg = Debug|iPhoneSimulator
		{22F77CDE-8816-45D7-A7A1-CA9282145F0A}.LivePlayer|iPhoneSimulator.Build.0 = Debug|iPhoneSimulator
		{22F77CDE-8816-45D7-A7A1-CA9282145F0A}.LivePlayer|x64.ActiveCfg = Debug|Any CPU
		{22F77CDE-8816-45D7-A7A1-CA9282145F0A}.LivePlayer|x64.Build.0 = Debug|Any CPU
		{22F77CDE-8816-45D7-A7A1-CA9282145F0A}.LivePlayer|x86.ActiveCfg = Debug|Any CPU
		{22F77CDE-8816-45D7-A7A1-CA9282145F0A}.LivePlayer|x86.Build.0 = Debug|Any CPU
		{22F77CDE-8816-45D7-A7A1-CA9282145F0A}.Release|Any CPU.ActiveCfg = Release|iPhone
		{22F77CDE-8816-45D7-A7A1-CA9282145F0A}.Release|Any CPU.Build.0 = Release|iPhone
		{22F77CDE-8816-45D7-A7A1-CA9282145F0A}.Release|ARM.ActiveCfg = Release|Any CPU
		{22F77CDE-8816-45D7-A7A1-CA9282145F0A}.Release|ARM.Build.0 = Release|Any CPU
		{22F77CDE-8816-45D7-A7A1-CA9282145F0A}.Release|iPhone.ActiveCfg = Release|iPhone
		{22F77CDE-8816-45D7-A7A1-CA9282145F0A}.Release|iPhone.Build.0 = Release|iPhone
		{22F77CDE-8816-45D7-A7A1-CA9282145F0A}.Release|iPhoneSimulator.ActiveCfg = Release|iPhoneSimulator
		{22F77CDE-8816-45D7-A7A1-CA9282145F0A}.Release|iPhoneSimulator.Build.0 = Release|iPhoneSimulator
		{22F77CDE-8816-45D7-A7A1-CA9282145F0A}.Release|x64.ActiveCfg = Release|Any CPU
		{22F77CDE-8816-45D7-A7A1-CA9282145F0A}.Release|x64.Build.0 = Release|Any CPU
		{22F77CDE-8816-45D7-A7A1-CA9282145F0A}.Release|x86.ActiveCfg = Release|Any CPU
		{22F77CDE-8816-45D7-A7A1-CA9282145F0A}.Release|x86.Build.0 = Release|Any CPU
		{22F77CDE-8816-45D7-A7A1-CA9282145F0A}.UITest|Any CPU.ActiveCfg = Release|Any CPU
		{22F77CDE-8816-45D7-A7A1-CA9282145F0A}.UITest|Any CPU.Build.0 = Release|Any CPU
		{22F77CDE-8816-45D7-A7A1-CA9282145F0A}.UITest|ARM.ActiveCfg = Release|Any CPU
		{22F77CDE-8816-45D7-A7A1-CA9282145F0A}.UITest|ARM.Build.0 = Release|Any CPU
		{22F77CDE-8816-45D7-A7A1-CA9282145F0A}.UITest|iPhone.ActiveCfg = Release|iPhone
		{22F77CDE-8816-45D7-A7A1-CA9282145F0A}.UITest|iPhone.Build.0 = Release|iPhone
		{22F77CDE-8816-45D7-A7A1-CA9282145F0A}.UITest|iPhoneSimulator.ActiveCfg = Release|iPhoneSimulator
		{22F77CDE-8816-45D7-A7A1-CA9282145F0A}.UITest|iPhoneSimulator.Build.0 = Release|iPhoneSimulator
		{22F77CDE-8816-45D7-A7A1-CA9282145F0A}.UITest|x64.ActiveCfg = Release|Any CPU
		{22F77CDE-8816-45D7-A7A1-CA9282145F0A}.UITest|x64.Build.0 = Release|Any CPU
		{22F77CDE-8816-45D7-A7A1-CA9282145F0A}.UITest|x86.ActiveCfg = Release|Any CPU
		{22F77CDE-8816-45D7-A7A1-CA9282145F0A}.UITest|x86.Build.0 = Release|Any CPU
		{CD2623BD-3609-4BE9-80EF-0974F3A1A27D}.Debug|Any CPU.ActiveCfg = Debug|Any CPU
		{CD2623BD-3609-4BE9-80EF-0974F3A1A27D}.Debug|Any CPU.Build.0 = Debug|Any CPU
		{CD2623BD-3609-4BE9-80EF-0974F3A1A27D}.Debug|ARM.ActiveCfg = Debug|Any CPU
		{CD2623BD-3609-4BE9-80EF-0974F3A1A27D}.Debug|ARM.Build.0 = Debug|Any CPU
		{CD2623BD-3609-4BE9-80EF-0974F3A1A27D}.Debug|iPhone.ActiveCfg = Debug|Any CPU
		{CD2623BD-3609-4BE9-80EF-0974F3A1A27D}.Debug|iPhone.Build.0 = Debug|Any CPU
		{CD2623BD-3609-4BE9-80EF-0974F3A1A27D}.Debug|iPhoneSimulator.ActiveCfg = Debug|Any CPU
		{CD2623BD-3609-4BE9-80EF-0974F3A1A27D}.Debug|iPhoneSimulator.Build.0 = Debug|Any CPU
		{CD2623BD-3609-4BE9-80EF-0974F3A1A27D}.Debug|x64.ActiveCfg = Debug|Any CPU
		{CD2623BD-3609-4BE9-80EF-0974F3A1A27D}.Debug|x64.Build.0 = Debug|Any CPU
		{CD2623BD-3609-4BE9-80EF-0974F3A1A27D}.Debug|x86.ActiveCfg = Debug|Any CPU
		{CD2623BD-3609-4BE9-80EF-0974F3A1A27D}.Debug|x86.Build.0 = Debug|Any CPU
		{CD2623BD-3609-4BE9-80EF-0974F3A1A27D}.LivePlayer|Any CPU.ActiveCfg = Debug|Any CPU
		{CD2623BD-3609-4BE9-80EF-0974F3A1A27D}.LivePlayer|Any CPU.Build.0 = Debug|Any CPU
		{CD2623BD-3609-4BE9-80EF-0974F3A1A27D}.LivePlayer|ARM.ActiveCfg = Debug|Any CPU
		{CD2623BD-3609-4BE9-80EF-0974F3A1A27D}.LivePlayer|ARM.Build.0 = Debug|Any CPU
		{CD2623BD-3609-4BE9-80EF-0974F3A1A27D}.LivePlayer|iPhone.ActiveCfg = Debug|Any CPU
		{CD2623BD-3609-4BE9-80EF-0974F3A1A27D}.LivePlayer|iPhone.Build.0 = Debug|Any CPU
		{CD2623BD-3609-4BE9-80EF-0974F3A1A27D}.LivePlayer|iPhoneSimulator.ActiveCfg = Debug|Any CPU
		{CD2623BD-3609-4BE9-80EF-0974F3A1A27D}.LivePlayer|iPhoneSimulator.Build.0 = Debug|Any CPU
		{CD2623BD-3609-4BE9-80EF-0974F3A1A27D}.LivePlayer|x64.ActiveCfg = Debug|Any CPU
		{CD2623BD-3609-4BE9-80EF-0974F3A1A27D}.LivePlayer|x64.Build.0 = Debug|Any CPU
		{CD2623BD-3609-4BE9-80EF-0974F3A1A27D}.LivePlayer|x86.ActiveCfg = Debug|Any CPU
		{CD2623BD-3609-4BE9-80EF-0974F3A1A27D}.LivePlayer|x86.Build.0 = Debug|Any CPU
		{CD2623BD-3609-4BE9-80EF-0974F3A1A27D}.Release|Any CPU.ActiveCfg = Release|Any CPU
		{CD2623BD-3609-4BE9-80EF-0974F3A1A27D}.Release|Any CPU.Build.0 = Release|Any CPU
		{CD2623BD-3609-4BE9-80EF-0974F3A1A27D}.Release|ARM.ActiveCfg = Release|Any CPU
		{CD2623BD-3609-4BE9-80EF-0974F3A1A27D}.Release|ARM.Build.0 = Release|Any CPU
		{CD2623BD-3609-4BE9-80EF-0974F3A1A27D}.Release|iPhone.ActiveCfg = Release|Any CPU
		{CD2623BD-3609-4BE9-80EF-0974F3A1A27D}.Release|iPhone.Build.0 = Release|Any CPU
		{CD2623BD-3609-4BE9-80EF-0974F3A1A27D}.Release|iPhoneSimulator.ActiveCfg = Release|Any CPU
		{CD2623BD-3609-4BE9-80EF-0974F3A1A27D}.Release|iPhoneSimulator.Build.0 = Release|Any CPU
		{CD2623BD-3609-4BE9-80EF-0974F3A1A27D}.Release|x64.ActiveCfg = Release|Any CPU
		{CD2623BD-3609-4BE9-80EF-0974F3A1A27D}.Release|x64.Build.0 = Release|Any CPU
		{CD2623BD-3609-4BE9-80EF-0974F3A1A27D}.Release|x86.ActiveCfg = Release|Any CPU
		{CD2623BD-3609-4BE9-80EF-0974F3A1A27D}.Release|x86.Build.0 = Release|Any CPU
		{CD2623BD-3609-4BE9-80EF-0974F3A1A27D}.UITest|Any CPU.ActiveCfg = Release|Any CPU
		{CD2623BD-3609-4BE9-80EF-0974F3A1A27D}.UITest|Any CPU.Build.0 = Release|Any CPU
		{CD2623BD-3609-4BE9-80EF-0974F3A1A27D}.UITest|ARM.ActiveCfg = Release|Any CPU
		{CD2623BD-3609-4BE9-80EF-0974F3A1A27D}.UITest|ARM.Build.0 = Release|Any CPU
		{CD2623BD-3609-4BE9-80EF-0974F3A1A27D}.UITest|iPhone.ActiveCfg = Release|Any CPU
		{CD2623BD-3609-4BE9-80EF-0974F3A1A27D}.UITest|iPhone.Build.0 = Release|Any CPU
		{CD2623BD-3609-4BE9-80EF-0974F3A1A27D}.UITest|iPhoneSimulator.ActiveCfg = Release|Any CPU
		{CD2623BD-3609-4BE9-80EF-0974F3A1A27D}.UITest|iPhoneSimulator.Build.0 = Release|Any CPU
		{CD2623BD-3609-4BE9-80EF-0974F3A1A27D}.UITest|x64.ActiveCfg = Release|Any CPU
		{CD2623BD-3609-4BE9-80EF-0974F3A1A27D}.UITest|x64.Build.0 = Release|Any CPU
		{CD2623BD-3609-4BE9-80EF-0974F3A1A27D}.UITest|x86.ActiveCfg = Release|Any CPU
		{CD2623BD-3609-4BE9-80EF-0974F3A1A27D}.UITest|x86.Build.0 = Release|Any CPU
		{DFA0F0F6-C396-412E-86A9-E9095F71CC36}.Debug|Any CPU.ActiveCfg = Debug|Any CPU
		{DFA0F0F6-C396-412E-86A9-E9095F71CC36}.Debug|Any CPU.Build.0 = Debug|Any CPU
		{DFA0F0F6-C396-412E-86A9-E9095F71CC36}.Debug|ARM.ActiveCfg = Debug|Any CPU
		{DFA0F0F6-C396-412E-86A9-E9095F71CC36}.Debug|ARM.Build.0 = Debug|Any CPU
		{DFA0F0F6-C396-412E-86A9-E9095F71CC36}.Debug|iPhone.ActiveCfg = Debug|Any CPU
		{DFA0F0F6-C396-412E-86A9-E9095F71CC36}.Debug|iPhone.Build.0 = Debug|Any CPU
		{DFA0F0F6-C396-412E-86A9-E9095F71CC36}.Debug|iPhoneSimulator.ActiveCfg = Debug|Any CPU
		{DFA0F0F6-C396-412E-86A9-E9095F71CC36}.Debug|iPhoneSimulator.Build.0 = Debug|Any CPU
		{DFA0F0F6-C396-412E-86A9-E9095F71CC36}.Debug|x64.ActiveCfg = Debug|Any CPU
		{DFA0F0F6-C396-412E-86A9-E9095F71CC36}.Debug|x64.Build.0 = Debug|Any CPU
		{DFA0F0F6-C396-412E-86A9-E9095F71CC36}.Debug|x86.ActiveCfg = Debug|Any CPU
		{DFA0F0F6-C396-412E-86A9-E9095F71CC36}.Debug|x86.Build.0 = Debug|Any CPU
		{DFA0F0F6-C396-412E-86A9-E9095F71CC36}.LivePlayer|Any CPU.ActiveCfg = Debug|Any CPU
		{DFA0F0F6-C396-412E-86A9-E9095F71CC36}.LivePlayer|Any CPU.Build.0 = Debug|Any CPU
		{DFA0F0F6-C396-412E-86A9-E9095F71CC36}.LivePlayer|ARM.ActiveCfg = Debug|Any CPU
		{DFA0F0F6-C396-412E-86A9-E9095F71CC36}.LivePlayer|ARM.Build.0 = Debug|Any CPU
		{DFA0F0F6-C396-412E-86A9-E9095F71CC36}.LivePlayer|iPhone.ActiveCfg = Debug|Any CPU
		{DFA0F0F6-C396-412E-86A9-E9095F71CC36}.LivePlayer|iPhone.Build.0 = Debug|Any CPU
		{DFA0F0F6-C396-412E-86A9-E9095F71CC36}.LivePlayer|iPhoneSimulator.ActiveCfg = Debug|Any CPU
		{DFA0F0F6-C396-412E-86A9-E9095F71CC36}.LivePlayer|iPhoneSimulator.Build.0 = Debug|Any CPU
		{DFA0F0F6-C396-412E-86A9-E9095F71CC36}.LivePlayer|x64.ActiveCfg = Debug|Any CPU
		{DFA0F0F6-C396-412E-86A9-E9095F71CC36}.LivePlayer|x64.Build.0 = Debug|Any CPU
		{DFA0F0F6-C396-412E-86A9-E9095F71CC36}.LivePlayer|x86.ActiveCfg = Debug|Any CPU
		{DFA0F0F6-C396-412E-86A9-E9095F71CC36}.LivePlayer|x86.Build.0 = Debug|Any CPU
		{DFA0F0F6-C396-412E-86A9-E9095F71CC36}.Release|Any CPU.ActiveCfg = Release|Any CPU
		{DFA0F0F6-C396-412E-86A9-E9095F71CC36}.Release|Any CPU.Build.0 = Release|Any CPU
		{DFA0F0F6-C396-412E-86A9-E9095F71CC36}.Release|ARM.ActiveCfg = Release|Any CPU
		{DFA0F0F6-C396-412E-86A9-E9095F71CC36}.Release|ARM.Build.0 = Release|Any CPU
		{DFA0F0F6-C396-412E-86A9-E9095F71CC36}.Release|iPhone.ActiveCfg = Release|Any CPU
		{DFA0F0F6-C396-412E-86A9-E9095F71CC36}.Release|iPhone.Build.0 = Release|Any CPU
		{DFA0F0F6-C396-412E-86A9-E9095F71CC36}.Release|iPhoneSimulator.ActiveCfg = Release|Any CPU
		{DFA0F0F6-C396-412E-86A9-E9095F71CC36}.Release|iPhoneSimulator.Build.0 = Release|Any CPU
		{DFA0F0F6-C396-412E-86A9-E9095F71CC36}.Release|x64.ActiveCfg = Release|Any CPU
		{DFA0F0F6-C396-412E-86A9-E9095F71CC36}.Release|x64.Build.0 = Release|Any CPU
		{DFA0F0F6-C396-412E-86A9-E9095F71CC36}.Release|x86.ActiveCfg = Release|Any CPU
		{DFA0F0F6-C396-412E-86A9-E9095F71CC36}.Release|x86.Build.0 = Release|Any CPU
		{DFA0F0F6-C396-412E-86A9-E9095F71CC36}.UITest|Any CPU.ActiveCfg = Release|Any CPU
		{DFA0F0F6-C396-412E-86A9-E9095F71CC36}.UITest|Any CPU.Build.0 = Release|Any CPU
		{DFA0F0F6-C396-412E-86A9-E9095F71CC36}.UITest|ARM.ActiveCfg = Release|Any CPU
		{DFA0F0F6-C396-412E-86A9-E9095F71CC36}.UITest|ARM.Build.0 = Release|Any CPU
		{DFA0F0F6-C396-412E-86A9-E9095F71CC36}.UITest|iPhone.ActiveCfg = Release|Any CPU
		{DFA0F0F6-C396-412E-86A9-E9095F71CC36}.UITest|iPhone.Build.0 = Release|Any CPU
		{DFA0F0F6-C396-412E-86A9-E9095F71CC36}.UITest|iPhoneSimulator.ActiveCfg = Release|Any CPU
		{DFA0F0F6-C396-412E-86A9-E9095F71CC36}.UITest|iPhoneSimulator.Build.0 = Release|Any CPU
		{DFA0F0F6-C396-412E-86A9-E9095F71CC36}.UITest|x64.ActiveCfg = Release|Any CPU
		{DFA0F0F6-C396-412E-86A9-E9095F71CC36}.UITest|x64.Build.0 = Release|Any CPU
		{DFA0F0F6-C396-412E-86A9-E9095F71CC36}.UITest|x86.ActiveCfg = Release|Any CPU
		{DFA0F0F6-C396-412E-86A9-E9095F71CC36}.UITest|x86.Build.0 = Release|Any CPU
		{7B4C73DF-8A4A-4AD1-92D9-A064065CDD71}.Debug|Any CPU.ActiveCfg = Debug|Any CPU
		{7B4C73DF-8A4A-4AD1-92D9-A064065CDD71}.Debug|Any CPU.Build.0 = Debug|Any CPU
		{7B4C73DF-8A4A-4AD1-92D9-A064065CDD71}.Debug|ARM.ActiveCfg = Debug|Any CPU
		{7B4C73DF-8A4A-4AD1-92D9-A064065CDD71}.Debug|ARM.Build.0 = Debug|Any CPU
		{7B4C73DF-8A4A-4AD1-92D9-A064065CDD71}.Debug|iPhone.ActiveCfg = Debug|Any CPU
		{7B4C73DF-8A4A-4AD1-92D9-A064065CDD71}.Debug|iPhone.Build.0 = Debug|Any CPU
		{7B4C73DF-8A4A-4AD1-92D9-A064065CDD71}.Debug|iPhoneSimulator.ActiveCfg = Debug|Any CPU
		{7B4C73DF-8A4A-4AD1-92D9-A064065CDD71}.Debug|iPhoneSimulator.Build.0 = Debug|Any CPU
		{7B4C73DF-8A4A-4AD1-92D9-A064065CDD71}.Debug|x64.ActiveCfg = Debug|Any CPU
		{7B4C73DF-8A4A-4AD1-92D9-A064065CDD71}.Debug|x64.Build.0 = Debug|Any CPU
		{7B4C73DF-8A4A-4AD1-92D9-A064065CDD71}.Debug|x86.ActiveCfg = Debug|Any CPU
		{7B4C73DF-8A4A-4AD1-92D9-A064065CDD71}.Debug|x86.Build.0 = Debug|Any CPU
		{7B4C73DF-8A4A-4AD1-92D9-A064065CDD71}.LivePlayer|Any CPU.ActiveCfg = Debug|Any CPU
		{7B4C73DF-8A4A-4AD1-92D9-A064065CDD71}.LivePlayer|Any CPU.Build.0 = Debug|Any CPU
		{7B4C73DF-8A4A-4AD1-92D9-A064065CDD71}.LivePlayer|ARM.ActiveCfg = Debug|Any CPU
		{7B4C73DF-8A4A-4AD1-92D9-A064065CDD71}.LivePlayer|ARM.Build.0 = Debug|Any CPU
		{7B4C73DF-8A4A-4AD1-92D9-A064065CDD71}.LivePlayer|iPhone.ActiveCfg = Debug|Any CPU
		{7B4C73DF-8A4A-4AD1-92D9-A064065CDD71}.LivePlayer|iPhone.Build.0 = Debug|Any CPU
		{7B4C73DF-8A4A-4AD1-92D9-A064065CDD71}.LivePlayer|iPhoneSimulator.ActiveCfg = Debug|Any CPU
		{7B4C73DF-8A4A-4AD1-92D9-A064065CDD71}.LivePlayer|iPhoneSimulator.Build.0 = Debug|Any CPU
		{7B4C73DF-8A4A-4AD1-92D9-A064065CDD71}.LivePlayer|x64.ActiveCfg = Debug|Any CPU
		{7B4C73DF-8A4A-4AD1-92D9-A064065CDD71}.LivePlayer|x64.Build.0 = Debug|Any CPU
		{7B4C73DF-8A4A-4AD1-92D9-A064065CDD71}.LivePlayer|x86.ActiveCfg = Debug|Any CPU
		{7B4C73DF-8A4A-4AD1-92D9-A064065CDD71}.LivePlayer|x86.Build.0 = Debug|Any CPU
		{7B4C73DF-8A4A-4AD1-92D9-A064065CDD71}.Release|Any CPU.ActiveCfg = Release|Any CPU
		{7B4C73DF-8A4A-4AD1-92D9-A064065CDD71}.Release|Any CPU.Build.0 = Release|Any CPU
		{7B4C73DF-8A4A-4AD1-92D9-A064065CDD71}.Release|ARM.ActiveCfg = Release|Any CPU
		{7B4C73DF-8A4A-4AD1-92D9-A064065CDD71}.Release|ARM.Build.0 = Release|Any CPU
		{7B4C73DF-8A4A-4AD1-92D9-A064065CDD71}.Release|iPhone.ActiveCfg = Release|Any CPU
		{7B4C73DF-8A4A-4AD1-92D9-A064065CDD71}.Release|iPhone.Build.0 = Release|Any CPU
		{7B4C73DF-8A4A-4AD1-92D9-A064065CDD71}.Release|iPhoneSimulator.ActiveCfg = Release|Any CPU
		{7B4C73DF-8A4A-4AD1-92D9-A064065CDD71}.Release|iPhoneSimulator.Build.0 = Release|Any CPU
		{7B4C73DF-8A4A-4AD1-92D9-A064065CDD71}.Release|x64.ActiveCfg = Release|Any CPU
		{7B4C73DF-8A4A-4AD1-92D9-A064065CDD71}.Release|x64.Build.0 = Release|Any CPU
		{7B4C73DF-8A4A-4AD1-92D9-A064065CDD71}.Release|x86.ActiveCfg = Release|Any CPU
		{7B4C73DF-8A4A-4AD1-92D9-A064065CDD71}.Release|x86.Build.0 = Release|Any CPU
		{7B4C73DF-8A4A-4AD1-92D9-A064065CDD71}.UITest|Any CPU.ActiveCfg = Release|Any CPU
		{7B4C73DF-8A4A-4AD1-92D9-A064065CDD71}.UITest|Any CPU.Build.0 = Release|Any CPU
		{7B4C73DF-8A4A-4AD1-92D9-A064065CDD71}.UITest|ARM.ActiveCfg = Release|Any CPU
		{7B4C73DF-8A4A-4AD1-92D9-A064065CDD71}.UITest|ARM.Build.0 = Release|Any CPU
		{7B4C73DF-8A4A-4AD1-92D9-A064065CDD71}.UITest|iPhone.ActiveCfg = Release|Any CPU
		{7B4C73DF-8A4A-4AD1-92D9-A064065CDD71}.UITest|iPhone.Build.0 = Release|Any CPU
		{7B4C73DF-8A4A-4AD1-92D9-A064065CDD71}.UITest|iPhoneSimulator.ActiveCfg = Release|Any CPU
		{7B4C73DF-8A4A-4AD1-92D9-A064065CDD71}.UITest|iPhoneSimulator.Build.0 = Release|Any CPU
		{7B4C73DF-8A4A-4AD1-92D9-A064065CDD71}.UITest|x64.ActiveCfg = Release|Any CPU
		{7B4C73DF-8A4A-4AD1-92D9-A064065CDD71}.UITest|x64.Build.0 = Release|Any CPU
		{7B4C73DF-8A4A-4AD1-92D9-A064065CDD71}.UITest|x86.ActiveCfg = Release|Any CPU
		{7B4C73DF-8A4A-4AD1-92D9-A064065CDD71}.UITest|x86.Build.0 = Release|Any CPU
		{A8B9FFDA-76CD-48FD-ACCD-C27C48F1BC85}.Debug|Any CPU.ActiveCfg = Debug|x86
		{A8B9FFDA-76CD-48FD-ACCD-C27C48F1BC85}.Debug|Any CPU.Build.0 = Debug|x86
		{A8B9FFDA-76CD-48FD-ACCD-C27C48F1BC85}.Debug|Any CPU.Deploy.0 = Debug|x86
		{A8B9FFDA-76CD-48FD-ACCD-C27C48F1BC85}.Debug|ARM.ActiveCfg = Debug|ARM
		{A8B9FFDA-76CD-48FD-ACCD-C27C48F1BC85}.Debug|ARM.Build.0 = Debug|ARM
		{A8B9FFDA-76CD-48FD-ACCD-C27C48F1BC85}.Debug|ARM.Deploy.0 = Debug|ARM
		{A8B9FFDA-76CD-48FD-ACCD-C27C48F1BC85}.Debug|iPhone.ActiveCfg = Debug|x86
		{A8B9FFDA-76CD-48FD-ACCD-C27C48F1BC85}.Debug|iPhoneSimulator.ActiveCfg = Debug|x86
		{A8B9FFDA-76CD-48FD-ACCD-C27C48F1BC85}.Debug|x64.ActiveCfg = Debug|x64
		{A8B9FFDA-76CD-48FD-ACCD-C27C48F1BC85}.Debug|x64.Build.0 = Debug|x64
		{A8B9FFDA-76CD-48FD-ACCD-C27C48F1BC85}.Debug|x64.Deploy.0 = Debug|x64
		{A8B9FFDA-76CD-48FD-ACCD-C27C48F1BC85}.Debug|x86.ActiveCfg = Debug|x86
		{A8B9FFDA-76CD-48FD-ACCD-C27C48F1BC85}.Debug|x86.Deploy.0 = Debug|x86
		{A8B9FFDA-76CD-48FD-ACCD-C27C48F1BC85}.LivePlayer|Any CPU.ActiveCfg = Release|x64
		{A8B9FFDA-76CD-48FD-ACCD-C27C48F1BC85}.LivePlayer|Any CPU.Build.0 = Release|x64
		{A8B9FFDA-76CD-48FD-ACCD-C27C48F1BC85}.LivePlayer|Any CPU.Deploy.0 = Release|x64
		{A8B9FFDA-76CD-48FD-ACCD-C27C48F1BC85}.LivePlayer|ARM.ActiveCfg = Release|ARM
		{A8B9FFDA-76CD-48FD-ACCD-C27C48F1BC85}.LivePlayer|ARM.Build.0 = Release|ARM
		{A8B9FFDA-76CD-48FD-ACCD-C27C48F1BC85}.LivePlayer|ARM.Deploy.0 = Release|ARM
		{A8B9FFDA-76CD-48FD-ACCD-C27C48F1BC85}.LivePlayer|iPhone.ActiveCfg = Release|x64
		{A8B9FFDA-76CD-48FD-ACCD-C27C48F1BC85}.LivePlayer|iPhone.Build.0 = Release|x64
		{A8B9FFDA-76CD-48FD-ACCD-C27C48F1BC85}.LivePlayer|iPhone.Deploy.0 = Release|x64
		{A8B9FFDA-76CD-48FD-ACCD-C27C48F1BC85}.LivePlayer|iPhoneSimulator.ActiveCfg = Release|x64
		{A8B9FFDA-76CD-48FD-ACCD-C27C48F1BC85}.LivePlayer|iPhoneSimulator.Build.0 = Release|x64
		{A8B9FFDA-76CD-48FD-ACCD-C27C48F1BC85}.LivePlayer|iPhoneSimulator.Deploy.0 = Release|x64
		{A8B9FFDA-76CD-48FD-ACCD-C27C48F1BC85}.LivePlayer|x64.ActiveCfg = Release|x64
		{A8B9FFDA-76CD-48FD-ACCD-C27C48F1BC85}.LivePlayer|x64.Build.0 = Release|x64
		{A8B9FFDA-76CD-48FD-ACCD-C27C48F1BC85}.LivePlayer|x64.Deploy.0 = Release|x64
		{A8B9FFDA-76CD-48FD-ACCD-C27C48F1BC85}.LivePlayer|x86.ActiveCfg = Release|x86
		{A8B9FFDA-76CD-48FD-ACCD-C27C48F1BC85}.LivePlayer|x86.Build.0 = Release|x86
		{A8B9FFDA-76CD-48FD-ACCD-C27C48F1BC85}.LivePlayer|x86.Deploy.0 = Release|x86
		{A8B9FFDA-76CD-48FD-ACCD-C27C48F1BC85}.Release|Any CPU.ActiveCfg = Release|x86
		{A8B9FFDA-76CD-48FD-ACCD-C27C48F1BC85}.Release|ARM.ActiveCfg = Release|ARM
		{A8B9FFDA-76CD-48FD-ACCD-C27C48F1BC85}.Release|ARM.Build.0 = Release|ARM
		{A8B9FFDA-76CD-48FD-ACCD-C27C48F1BC85}.Release|ARM.Deploy.0 = Release|ARM
		{A8B9FFDA-76CD-48FD-ACCD-C27C48F1BC85}.Release|iPhone.ActiveCfg = Release|x86
		{A8B9FFDA-76CD-48FD-ACCD-C27C48F1BC85}.Release|iPhoneSimulator.ActiveCfg = Release|x86
		{A8B9FFDA-76CD-48FD-ACCD-C27C48F1BC85}.Release|x64.ActiveCfg = Release|x64
		{A8B9FFDA-76CD-48FD-ACCD-C27C48F1BC85}.Release|x64.Build.0 = Release|x64
		{A8B9FFDA-76CD-48FD-ACCD-C27C48F1BC85}.Release|x64.Deploy.0 = Release|x64
		{A8B9FFDA-76CD-48FD-ACCD-C27C48F1BC85}.Release|x86.ActiveCfg = Release|x86
		{A8B9FFDA-76CD-48FD-ACCD-C27C48F1BC85}.Release|x86.Build.0 = Release|x86
		{A8B9FFDA-76CD-48FD-ACCD-C27C48F1BC85}.Release|x86.Deploy.0 = Release|x86
		{A8B9FFDA-76CD-48FD-ACCD-C27C48F1BC85}.UITest|Any CPU.ActiveCfg = Release|x64
		{A8B9FFDA-76CD-48FD-ACCD-C27C48F1BC85}.UITest|Any CPU.Build.0 = Release|x64
		{A8B9FFDA-76CD-48FD-ACCD-C27C48F1BC85}.UITest|Any CPU.Deploy.0 = Release|x64
		{A8B9FFDA-76CD-48FD-ACCD-C27C48F1BC85}.UITest|ARM.ActiveCfg = Release|ARM
		{A8B9FFDA-76CD-48FD-ACCD-C27C48F1BC85}.UITest|ARM.Build.0 = Release|ARM
		{A8B9FFDA-76CD-48FD-ACCD-C27C48F1BC85}.UITest|ARM.Deploy.0 = Release|ARM
		{A8B9FFDA-76CD-48FD-ACCD-C27C48F1BC85}.UITest|iPhone.ActiveCfg = Release|x64
		{A8B9FFDA-76CD-48FD-ACCD-C27C48F1BC85}.UITest|iPhone.Build.0 = Release|x64
		{A8B9FFDA-76CD-48FD-ACCD-C27C48F1BC85}.UITest|iPhone.Deploy.0 = Release|x64
		{A8B9FFDA-76CD-48FD-ACCD-C27C48F1BC85}.UITest|iPhoneSimulator.ActiveCfg = Release|x64
		{A8B9FFDA-76CD-48FD-ACCD-C27C48F1BC85}.UITest|iPhoneSimulator.Build.0 = Release|x64
		{A8B9FFDA-76CD-48FD-ACCD-C27C48F1BC85}.UITest|iPhoneSimulator.Deploy.0 = Release|x64
		{A8B9FFDA-76CD-48FD-ACCD-C27C48F1BC85}.UITest|x64.ActiveCfg = Release|x64
		{A8B9FFDA-76CD-48FD-ACCD-C27C48F1BC85}.UITest|x64.Build.0 = Release|x64
		{A8B9FFDA-76CD-48FD-ACCD-C27C48F1BC85}.UITest|x64.Deploy.0 = Release|x64
		{A8B9FFDA-76CD-48FD-ACCD-C27C48F1BC85}.UITest|x86.ActiveCfg = Release|x86
		{A8B9FFDA-76CD-48FD-ACCD-C27C48F1BC85}.UITest|x86.Build.0 = Release|x86
		{A8B9FFDA-76CD-48FD-ACCD-C27C48F1BC85}.UITest|x86.Deploy.0 = Release|x86
	EndGlobalSection
	GlobalSection(SolutionProperties) = preSolution
		HideSolutionNode = FALSE
	EndGlobalSection
	GlobalSection(NestedProjects) = preSolution
		{C4B4592F-6AC4-4FE6-B63E-5D2DE47FD340} = {B3B306B8-9A3D-4CD6-81FD-9C9EAB3C5788}
		{22F77CDE-8816-45D7-A7A1-CA9282145F0A} = {B3B306B8-9A3D-4CD6-81FD-9C9EAB3C5788}
		{A8B9FFDA-76CD-48FD-ACCD-C27C48F1BC85} = {B3B306B8-9A3D-4CD6-81FD-9C9EAB3C5788}
	EndGlobalSection
	GlobalSection(ExtensibilityGlobals) = postSolution
		SolutionGuid = {99195DFD-D57B-48C9-95EE-ED1C95C8220C}
	EndGlobalSection
	GlobalSection(MonoDevelopProperties) = preSolution
		Policies = $0
		$0.DotNetNamingPolicy = $1
		$1.DirectoryNamespaceAssociation = None
		$1.ResourceNamePolicy = FileName
	EndGlobalSection
EndGlobal
