
Microsoft Visual Studio Solution File, Format Version 12.00
# Visual Studio 15
VisualStudioVersion = 15.0.27130.2026
MinimumVisualStudioVersion = 10.0.40219.1
Project("{2150E333-8FDC-42A3-9474-1A3956D46DE8}") = "Targets", "Targets", "{B3B306B8-9A3D-4CD6-81FD-9C9EAB3C5788}"
EndProject
Project("{FAE04EC0-301F-11D3-BF4B-00C04F79EFBC}") = "DotNetRu.Android", "DotNetRu.Android\DotNetRu.Android.csproj", "{C4B4592F-6AC4-4FE6-B63E-5D2DE47FD340}"
EndProject
Project("{FAE04EC0-301F-11D3-BF4B-00C04F79EFBC}") = "DotNetRu.iOS", "DotNetRu.iOS\DotNetRu.iOS.csproj", "{22F77CDE-8816-45D7-A7A1-CA9282145F0A}"
EndProject
Project("{2150E333-8FDC-42A3-9474-1A3956D46DE8}") = "Backend", "Backend", "{8D118106-3CF2-4674-978C-C9133AD91F39}"
EndProject
Project("{FAE04EC0-301F-11D3-BF4B-00C04F79EFBC}") = "DotNetRu.Clients.Portable", "DotNetRu.Clients.Portable\DotNetRu.Clients.Portable.csproj", "{434442F3-9AF2-4A19-9151-EFBD731BD367}"
EndProject
Project("{FAE04EC0-301F-11D3-BF4B-00C04F79EFBC}") = "DotNetRu.Clients.UI", "DotNetRu.Clients.UI\DotNetRu.Clients.UI.csproj", "{CD2623BD-3609-4BE9-80EF-0974F3A1A27D}"
EndProject
Project("{2150E333-8FDC-42A3-9474-1A3956D46DE8}") = "Shared", "Shared", "{DC9BA4C6-1267-449A-95F2-AB7A8B53F65D}"
EndProject
Project("{FAE04EC0-301F-11D3-BF4B-00C04F79EFBC}") = "DotNetRu.Utils", "DotNetRu.Utils\DotNetRu.Utils.csproj", "{DFA0F0F6-C396-412E-86A9-E9095F71CC36}"
EndProject
Project("{2150E333-8FDC-42A3-9474-1A3956D46DE8}") = "iOS Extensions", "iOS Extensions", "{A5CD4234-9303-494B-B975-C005713A885F}"
EndProject
Project("{FAE04EC0-301F-11D3-BF4B-00C04F79EFBC}") = "DotNetRu.iOS.UpNext", "DotNetRu.iOS.UpNext\DotNetRu.iOS.UpNext.csproj", "{3F4527EF-1454-4EFF-AB5C-CBE235E3DA9B}"
EndProject
Project("{FAE04EC0-301F-11D3-BF4B-00C04F79EFBC}") = "DotNetRu.DataStore.Audit", "DotNetRu.DataStore.Audit\DotNetRu.DataStore.Audit.csproj", "{7B4C73DF-8A4A-4AD1-92D9-A064065CDD71}"
EndProject
Global
	GlobalSection(SolutionConfigurationPlatforms) = preSolution
		Debug|Any CPU = Debug|Any CPU
		Debug|ARM = Debug|ARM
		Debug|iPhone = Debug|iPhone
		Debug|iPhoneSimulator = Debug|iPhoneSimulator
		Debug|x64 = Debug|x64
		Debug|x86 = Debug|x86
		LivePlayer|Any CPU = LivePlayer|Any CPU
		LivePlayer|ARM = LivePlayer|ARM
		LivePlayer|iPhone = LivePlayer|iPhone
		LivePlayer|iPhoneSimulator = LivePlayer|iPhoneSimulator
		LivePlayer|x64 = LivePlayer|x64
		LivePlayer|x86 = LivePlayer|x86
		Release|Any CPU = Release|Any CPU
		Release|ARM = Release|ARM
		Release|iPhone = Release|iPhone
		Release|iPhoneSimulator = Release|iPhoneSimulator
		Release|x64 = Release|x64
		Release|x86 = Release|x86
		UITest|Any CPU = UITest|Any CPU
		UITest|ARM = UITest|ARM
		UITest|iPhone = UITest|iPhone
		UITest|iPhoneSimulator = UITest|iPhoneSimulator
		UITest|x64 = UITest|x64
		UITest|x86 = UITest|x86
	EndGlobalSection
	GlobalSection(ProjectConfigurationPlatforms) = postSolution
		{C4B4592F-6AC4-4FE6-B63E-5D2DE47FD340}.Debug|Any CPU.ActiveCfg = Debug|Any CPU
		{C4B4592F-6AC4-4FE6-B63E-5D2DE47FD340}.Debug|Any CPU.Build.0 = Debug|Any CPU
		{C4B4592F-6AC4-4FE6-B63E-5D2DE47FD340}.Debug|Any CPU.Deploy.0 = Debug|Any CPU
		{C4B4592F-6AC4-4FE6-B63E-5D2DE47FD340}.Debug|ARM.ActiveCfg = Debug|Any CPU
		{C4B4592F-6AC4-4FE6-B63E-5D2DE47FD340}.Debug|ARM.Build.0 = Debug|Any CPU
		{C4B4592F-6AC4-4FE6-B63E-5D2DE47FD340}.Debug|ARM.Deploy.0 = Debug|Any CPU
		{C4B4592F-6AC4-4FE6-B63E-5D2DE47FD340}.Debug|iPhone.ActiveCfg = Debug|Any CPU
		{C4B4592F-6AC4-4FE6-B63E-5D2DE47FD340}.Debug|iPhone.Build.0 = Debug|Any CPU
		{C4B4592F-6AC4-4FE6-B63E-5D2DE47FD340}.Debug|iPhoneSimulator.ActiveCfg = Debug|Any CPU
		{C4B4592F-6AC4-4FE6-B63E-5D2DE47FD340}.Debug|iPhoneSimulator.Build.0 = Debug|Any CPU
		{C4B4592F-6AC4-4FE6-B63E-5D2DE47FD340}.Debug|x64.ActiveCfg = Debug|Any CPU
		{C4B4592F-6AC4-4FE6-B63E-5D2DE47FD340}.Debug|x64.Build.0 = Debug|Any CPU
		{C4B4592F-6AC4-4FE6-B63E-5D2DE47FD340}.Debug|x64.Deploy.0 = Debug|Any CPU
		{C4B4592F-6AC4-4FE6-B63E-5D2DE47FD340}.Debug|x86.ActiveCfg = Debug|Any CPU
		{C4B4592F-6AC4-4FE6-B63E-5D2DE47FD340}.Debug|x86.Build.0 = Debug|Any CPU
		{C4B4592F-6AC4-4FE6-B63E-5D2DE47FD340}.Debug|x86.Deploy.0 = Debug|Any CPU
		{C4B4592F-6AC4-4FE6-B63E-5D2DE47FD340}.LivePlayer|Any CPU.ActiveCfg = LivePlayer|Any CPU
		{C4B4592F-6AC4-4FE6-B63E-5D2DE47FD340}.LivePlayer|Any CPU.Build.0 = LivePlayer|Any CPU
		{C4B4592F-6AC4-4FE6-B63E-5D2DE47FD340}.LivePlayer|Any CPU.Deploy.0 = LivePlayer|Any CPU
		{C4B4592F-6AC4-4FE6-B63E-5D2DE47FD340}.LivePlayer|ARM.ActiveCfg = Debug|Any CPU
		{C4B4592F-6AC4-4FE6-B63E-5D2DE47FD340}.LivePlayer|ARM.Build.0 = Debug|Any CPU
		{C4B4592F-6AC4-4FE6-B63E-5D2DE47FD340}.LivePlayer|ARM.Deploy.0 = Debug|Any CPU
		{C4B4592F-6AC4-4FE6-B63E-5D2DE47FD340}.LivePlayer|iPhone.ActiveCfg = Debug|Any CPU
		{C4B4592F-6AC4-4FE6-B63E-5D2DE47FD340}.LivePlayer|iPhone.Build.0 = Debug|Any CPU
		{C4B4592F-6AC4-4FE6-B63E-5D2DE47FD340}.LivePlayer|iPhoneSimulator.ActiveCfg = Debug|Any CPU
		{C4B4592F-6AC4-4FE6-B63E-5D2DE47FD340}.LivePlayer|iPhoneSimulator.Build.0 = Debug|Any CPU
		{C4B4592F-6AC4-4FE6-B63E-5D2DE47FD340}.LivePlayer|x64.ActiveCfg = Debug|Any CPU
		{C4B4592F-6AC4-4FE6-B63E-5D2DE47FD340}.LivePlayer|x64.Build.0 = Debug|Any CPU
		{C4B4592F-6AC4-4FE6-B63E-5D2DE47FD340}.LivePlayer|x64.Deploy.0 = Debug|Any CPU
		{C4B4592F-6AC4-4FE6-B63E-5D2DE47FD340}.LivePlayer|x86.ActiveCfg = Debug|Any CPU
		{C4B4592F-6AC4-4FE6-B63E-5D2DE47FD340}.LivePlayer|x86.Build.0 = Debug|Any CPU
		{C4B4592F-6AC4-4FE6-B63E-5D2DE47FD340}.LivePlayer|x86.Deploy.0 = Debug|Any CPU
		{C4B4592F-6AC4-4FE6-B63E-5D2DE47FD340}.Release|Any CPU.ActiveCfg = Release|Any CPU
		{C4B4592F-6AC4-4FE6-B63E-5D2DE47FD340}.Release|Any CPU.Build.0 = Release|Any CPU
		{C4B4592F-6AC4-4FE6-B63E-5D2DE47FD340}.Release|Any CPU.Deploy.0 = Release|Any CPU
		{C4B4592F-6AC4-4FE6-B63E-5D2DE47FD340}.Release|ARM.ActiveCfg = Release|Any CPU
		{C4B4592F-6AC4-4FE6-B63E-5D2DE47FD340}.Release|ARM.Build.0 = Release|Any CPU
		{C4B4592F-6AC4-4FE6-B63E-5D2DE47FD340}.Release|ARM.Deploy.0 = Release|Any CPU
		{C4B4592F-6AC4-4FE6-B63E-5D2DE47FD340}.Release|iPhone.ActiveCfg = Release|Any CPU
		{C4B4592F-6AC4-4FE6-B63E-5D2DE47FD340}.Release|iPhone.Build.0 = Release|Any CPU
		{C4B4592F-6AC4-4FE6-B63E-5D2DE47FD340}.Release|iPhoneSimulator.ActiveCfg = Release|Any CPU
		{C4B4592F-6AC4-4FE6-B63E-5D2DE47FD340}.Release|iPhoneSimulator.Build.0 = Release|Any CPU
		{C4B4592F-6AC4-4FE6-B63E-5D2DE47FD340}.Release|x64.ActiveCfg = Release|Any CPU
		{C4B4592F-6AC4-4FE6-B63E-5D2DE47FD340}.Release|x64.Build.0 = Release|Any CPU
		{C4B4592F-6AC4-4FE6-B63E-5D2DE47FD340}.Release|x64.Deploy.0 = Release|Any CPU
		{C4B4592F-6AC4-4FE6-B63E-5D2DE47FD340}.Release|x86.ActiveCfg = Release|Any CPU
		{C4B4592F-6AC4-4FE6-B63E-5D2DE47FD340}.Release|x86.Build.0 = Release|Any CPU
		{C4B4592F-6AC4-4FE6-B63E-5D2DE47FD340}.Release|x86.Deploy.0 = Release|Any CPU
		{C4B4592F-6AC4-4FE6-B63E-5D2DE47FD340}.UITest|Any CPU.ActiveCfg = UITest|Any CPU
		{C4B4592F-6AC4-4FE6-B63E-5D2DE47FD340}.UITest|Any CPU.Build.0 = UITest|Any CPU
		{C4B4592F-6AC4-4FE6-B63E-5D2DE47FD340}.UITest|Any CPU.Deploy.0 = UITest|Any CPU
		{C4B4592F-6AC4-4FE6-B63E-5D2DE47FD340}.UITest|ARM.ActiveCfg = UITest|Any CPU
		{C4B4592F-6AC4-4FE6-B63E-5D2DE47FD340}.UITest|ARM.Build.0 = UITest|Any CPU
		{C4B4592F-6AC4-4FE6-B63E-5D2DE47FD340}.UITest|ARM.Deploy.0 = UITest|Any CPU
		{C4B4592F-6AC4-4FE6-B63E-5D2DE47FD340}.UITest|iPhone.ActiveCfg = UITest|Any CPU
		{C4B4592F-6AC4-4FE6-B63E-5D2DE47FD340}.UITest|iPhone.Build.0 = UITest|Any CPU
		{C4B4592F-6AC4-4FE6-B63E-5D2DE47FD340}.UITest|iPhone.Deploy.0 = UITest|Any CPU
		{C4B4592F-6AC4-4FE6-B63E-5D2DE47FD340}.UITest|iPhoneSimulator.ActiveCfg = UITest|Any CPU
		{C4B4592F-6AC4-4FE6-B63E-5D2DE47FD340}.UITest|iPhoneSimulator.Build.0 = UITest|Any CPU
		{C4B4592F-6AC4-4FE6-B63E-5D2DE47FD340}.UITest|iPhoneSimulator.Deploy.0 = UITest|Any CPU
		{C4B4592F-6AC4-4FE6-B63E-5D2DE47FD340}.UITest|x64.ActiveCfg = UITest|Any CPU
		{C4B4592F-6AC4-4FE6-B63E-5D2DE47FD340}.UITest|x64.Build.0 = UITest|Any CPU
		{C4B4592F-6AC4-4FE6-B63E-5D2DE47FD340}.UITest|x64.Deploy.0 = UITest|Any CPU
		{C4B4592F-6AC4-4FE6-B63E-5D2DE47FD340}.UITest|x86.ActiveCfg = UITest|Any CPU
		{C4B4592F-6AC4-4FE6-B63E-5D2DE47FD340}.UITest|x86.Build.0 = UITest|Any CPU
		{C4B4592F-6AC4-4FE6-B63E-5D2DE47FD340}.UITest|x86.Deploy.0 = UITest|Any CPU
		{22F77CDE-8816-45D7-A7A1-CA9282145F0A}.Debug|Any CPU.ActiveCfg = Debug|iPhoneSimulator
		{22F77CDE-8816-45D7-A7A1-CA9282145F0A}.Debug|Any CPU.Build.0 = Debug|iPhoneSimulator
		{22F77CDE-8816-45D7-A7A1-CA9282145F0A}.Debug|ARM.ActiveCfg = Debug|Any CPU
		{22F77CDE-8816-45D7-A7A1-CA9282145F0A}.Debug|ARM.Build.0 = Debug|Any CPU
		{22F77CDE-8816-45D7-A7A1-CA9282145F0A}.Debug|iPhone.ActiveCfg = Debug|iPhone
		{22F77CDE-8816-45D7-A7A1-CA9282145F0A}.Debug|iPhone.Build.0 = Debug|iPhone
		{22F77CDE-8816-45D7-A7A1-CA9282145F0A}.Debug|iPhoneSimulator.ActiveCfg = Debug|iPhoneSimulator
		{22F77CDE-8816-45D7-A7A1-CA9282145F0A}.Debug|iPhoneSimulator.Build.0 = Debug|iPhoneSimulator
		{22F77CDE-8816-45D7-A7A1-CA9282145F0A}.Debug|x64.ActiveCfg = Debug|Any CPU
		{22F77CDE-8816-45D7-A7A1-CA9282145F0A}.Debug|x64.Build.0 = Debug|Any CPU
		{22F77CDE-8816-45D7-A7A1-CA9282145F0A}.Debug|x86.ActiveCfg = Debug|Any CPU
		{22F77CDE-8816-45D7-A7A1-CA9282145F0A}.Debug|x86.Build.0 = Debug|Any CPU
		{22F77CDE-8816-45D7-A7A1-CA9282145F0A}.LivePlayer|Any CPU.ActiveCfg = Debug|iPhoneSimulator
		{22F77CDE-8816-45D7-A7A1-CA9282145F0A}.LivePlayer|Any CPU.Build.0 = Debug|iPhoneSimulator
		{22F77CDE-8816-45D7-A7A1-CA9282145F0A}.LivePlayer|ARM.ActiveCfg = Debug|Any CPU
		{22F77CDE-8816-45D7-A7A1-CA9282145F0A}.LivePlayer|ARM.Build.0 = Debug|Any CPU
		{22F77CDE-8816-45D7-A7A1-CA9282145F0A}.LivePlayer|iPhone.ActiveCfg = Debug|iPhone
		{22F77CDE-8816-45D7-A7A1-CA9282145F0A}.LivePlayer|iPhone.Build.0 = Debug|iPhone
		{22F77CDE-8816-45D7-A7A1-CA9282145F0A}.LivePlayer|iPhoneSimulator.ActiveCfg = Debug|iPhoneSimulator
		{22F77CDE-8816-45D7-A7A1-CA9282145F0A}.LivePlayer|iPhoneSimulator.Build.0 = Debug|iPhoneSimulator
		{22F77CDE-8816-45D7-A7A1-CA9282145F0A}.LivePlayer|x64.ActiveCfg = Debug|Any CPU
		{22F77CDE-8816-45D7-A7A1-CA9282145F0A}.LivePlayer|x64.Build.0 = Debug|Any CPU
		{22F77CDE-8816-45D7-A7A1-CA9282145F0A}.LivePlayer|x86.ActiveCfg = Debug|Any CPU
		{22F77CDE-8816-45D7-A7A1-CA9282145F0A}.LivePlayer|x86.Build.0 = Debug|Any CPU
		{22F77CDE-8816-45D7-A7A1-CA9282145F0A}.Release|Any CPU.ActiveCfg = Release|iPhone
		{22F77CDE-8816-45D7-A7A1-CA9282145F0A}.Release|Any CPU.Build.0 = Release|iPhone
		{22F77CDE-8816-45D7-A7A1-CA9282145F0A}.Release|ARM.ActiveCfg = Release|Any CPU
		{22F77CDE-8816-45D7-A7A1-CA9282145F0A}.Release|ARM.Build.0 = Release|Any CPU
		{22F77CDE-8816-45D7-A7A1-CA9282145F0A}.Release|iPhone.ActiveCfg = Release|iPhone
		{22F77CDE-8816-45D7-A7A1-CA9282145F0A}.Release|iPhone.Build.0 = Release|iPhone
		{22F77CDE-8816-45D7-A7A1-CA9282145F0A}.Release|iPhoneSimulator.ActiveCfg = Release|iPhoneSimulator
		{22F77CDE-8816-45D7-A7A1-CA9282145F0A}.Release|iPhoneSimulator.Build.0 = Release|iPhoneSimulator
		{22F77CDE-8816-45D7-A7A1-CA9282145F0A}.Release|x64.ActiveCfg = Release|Any CPU
		{22F77CDE-8816-45D7-A7A1-CA9282145F0A}.Release|x64.Build.0 = Release|Any CPU
		{22F77CDE-8816-45D7-A7A1-CA9282145F0A}.Release|x86.ActiveCfg = Release|Any CPU
		{22F77CDE-8816-45D7-A7A1-CA9282145F0A}.Release|x86.Build.0 = Release|Any CPU
		{22F77CDE-8816-45D7-A7A1-CA9282145F0A}.UITest|Any CPU.ActiveCfg = UITest|Any CPU
		{22F77CDE-8816-45D7-A7A1-CA9282145F0A}.UITest|Any CPU.Build.0 = UITest|Any CPU
		{22F77CDE-8816-45D7-A7A1-CA9282145F0A}.UITest|ARM.ActiveCfg = UITest|Any CPU
		{22F77CDE-8816-45D7-A7A1-CA9282145F0A}.UITest|ARM.Build.0 = UITest|Any CPU
		{22F77CDE-8816-45D7-A7A1-CA9282145F0A}.UITest|iPhone.ActiveCfg = UITest|iPhone
		{22F77CDE-8816-45D7-A7A1-CA9282145F0A}.UITest|iPhone.Build.0 = UITest|iPhone
		{22F77CDE-8816-45D7-A7A1-CA9282145F0A}.UITest|iPhoneSimulator.ActiveCfg = UITest|iPhoneSimulator
		{22F77CDE-8816-45D7-A7A1-CA9282145F0A}.UITest|iPhoneSimulator.Build.0 = UITest|iPhoneSimulator
		{22F77CDE-8816-45D7-A7A1-CA9282145F0A}.UITest|x64.ActiveCfg = UITest|Any CPU
		{22F77CDE-8816-45D7-A7A1-CA9282145F0A}.UITest|x64.Build.0 = UITest|Any CPU
		{22F77CDE-8816-45D7-A7A1-CA9282145F0A}.UITest|x86.ActiveCfg = UITest|Any CPU
		{22F77CDE-8816-45D7-A7A1-CA9282145F0A}.UITest|x86.Build.0 = UITest|Any CPU
		{434442F3-9AF2-4A19-9151-EFBD731BD367}.Debug|Any CPU.ActiveCfg = Debug|Any CPU
		{434442F3-9AF2-4A19-9151-EFBD731BD367}.Debug|Any CPU.Build.0 = Debug|Any CPU
		{434442F3-9AF2-4A19-9151-EFBD731BD367}.Debug|ARM.ActiveCfg = Debug|Any CPU
		{434442F3-9AF2-4A19-9151-EFBD731BD367}.Debug|ARM.Build.0 = Debug|Any CPU
		{434442F3-9AF2-4A19-9151-EFBD731BD367}.Debug|iPhone.ActiveCfg = Debug|Any CPU
		{434442F3-9AF2-4A19-9151-EFBD731BD367}.Debug|iPhone.Build.0 = Debug|Any CPU
		{434442F3-9AF2-4A19-9151-EFBD731BD367}.Debug|iPhoneSimulator.ActiveCfg = Debug|Any CPU
		{434442F3-9AF2-4A19-9151-EFBD731BD367}.Debug|iPhoneSimulator.Build.0 = Debug|Any CPU
		{434442F3-9AF2-4A19-9151-EFBD731BD367}.Debug|x64.ActiveCfg = Debug|Any CPU
		{434442F3-9AF2-4A19-9151-EFBD731BD367}.Debug|x64.Build.0 = Debug|Any CPU
		{434442F3-9AF2-4A19-9151-EFBD731BD367}.Debug|x86.ActiveCfg = Debug|Any CPU
		{434442F3-9AF2-4A19-9151-EFBD731BD367}.Debug|x86.Build.0 = Debug|Any CPU
		{434442F3-9AF2-4A19-9151-EFBD731BD367}.LivePlayer|Any CPU.ActiveCfg = Debug|Any CPU
		{434442F3-9AF2-4A19-9151-EFBD731BD367}.LivePlayer|Any CPU.Build.0 = Debug|Any CPU
		{434442F3-9AF2-4A19-9151-EFBD731BD367}.LivePlayer|ARM.ActiveCfg = Debug|Any CPU
		{434442F3-9AF2-4A19-9151-EFBD731BD367}.LivePlayer|ARM.Build.0 = Debug|Any CPU
		{434442F3-9AF2-4A19-9151-EFBD731BD367}.LivePlayer|iPhone.ActiveCfg = Debug|Any CPU
		{434442F3-9AF2-4A19-9151-EFBD731BD367}.LivePlayer|iPhone.Build.0 = Debug|Any CPU
		{434442F3-9AF2-4A19-9151-EFBD731BD367}.LivePlayer|iPhoneSimulator.ActiveCfg = Debug|Any CPU
		{434442F3-9AF2-4A19-9151-EFBD731BD367}.LivePlayer|iPhoneSimulator.Build.0 = Debug|Any CPU
		{434442F3-9AF2-4A19-9151-EFBD731BD367}.LivePlayer|x64.ActiveCfg = Debug|Any CPU
		{434442F3-9AF2-4A19-9151-EFBD731BD367}.LivePlayer|x64.Build.0 = Debug|Any CPU
		{434442F3-9AF2-4A19-9151-EFBD731BD367}.LivePlayer|x86.ActiveCfg = Debug|Any CPU
		{434442F3-9AF2-4A19-9151-EFBD731BD367}.LivePlayer|x86.Build.0 = Debug|Any CPU
		{434442F3-9AF2-4A19-9151-EFBD731BD367}.Release|Any CPU.ActiveCfg = Release|Any CPU
		{434442F3-9AF2-4A19-9151-EFBD731BD367}.Release|Any CPU.Build.0 = Release|Any CPU
		{434442F3-9AF2-4A19-9151-EFBD731BD367}.Release|ARM.ActiveCfg = Release|Any CPU
		{434442F3-9AF2-4A19-9151-EFBD731BD367}.Release|ARM.Build.0 = Release|Any CPU
		{434442F3-9AF2-4A19-9151-EFBD731BD367}.Release|iPhone.ActiveCfg = Release|Any CPU
		{434442F3-9AF2-4A19-9151-EFBD731BD367}.Release|iPhone.Build.0 = Release|Any CPU
		{434442F3-9AF2-4A19-9151-EFBD731BD367}.Release|iPhoneSimulator.ActiveCfg = Release|Any CPU
		{434442F3-9AF2-4A19-9151-EFBD731BD367}.Release|iPhoneSimulator.Build.0 = Release|Any CPU
		{434442F3-9AF2-4A19-9151-EFBD731BD367}.Release|x64.ActiveCfg = Release|Any CPU
		{434442F3-9AF2-4A19-9151-EFBD731BD367}.Release|x64.Build.0 = Release|Any CPU
		{434442F3-9AF2-4A19-9151-EFBD731BD367}.Release|x86.ActiveCfg = Release|Any CPU
		{434442F3-9AF2-4A19-9151-EFBD731BD367}.Release|x86.Build.0 = Release|Any CPU
		{434442F3-9AF2-4A19-9151-EFBD731BD367}.UITest|Any CPU.ActiveCfg = UITest|Any CPU
		{434442F3-9AF2-4A19-9151-EFBD731BD367}.UITest|Any CPU.Build.0 = UITest|Any CPU
		{434442F3-9AF2-4A19-9151-EFBD731BD367}.UITest|ARM.ActiveCfg = UITest|Any CPU
		{434442F3-9AF2-4A19-9151-EFBD731BD367}.UITest|ARM.Build.0 = UITest|Any CPU
		{434442F3-9AF2-4A19-9151-EFBD731BD367}.UITest|iPhone.ActiveCfg = UITest|iPhone
		{434442F3-9AF2-4A19-9151-EFBD731BD367}.UITest|iPhone.Build.0 = UITest|iPhone
		{434442F3-9AF2-4A19-9151-EFBD731BD367}.UITest|iPhoneSimulator.ActiveCfg = UITest|Any CPU
		{434442F3-9AF2-4A19-9151-EFBD731BD367}.UITest|iPhoneSimulator.Build.0 = UITest|Any CPU
		{434442F3-9AF2-4A19-9151-EFBD731BD367}.UITest|x64.ActiveCfg = UITest|Any CPU
		{434442F3-9AF2-4A19-9151-EFBD731BD367}.UITest|x64.Build.0 = UITest|Any CPU
		{434442F3-9AF2-4A19-9151-EFBD731BD367}.UITest|x86.ActiveCfg = UITest|Any CPU
		{434442F3-9AF2-4A19-9151-EFBD731BD367}.UITest|x86.Build.0 = UITest|Any CPU
		{CD2623BD-3609-4BE9-80EF-0974F3A1A27D}.Debug|Any CPU.ActiveCfg = Debug|Any CPU
		{CD2623BD-3609-4BE9-80EF-0974F3A1A27D}.Debug|Any CPU.Build.0 = Debug|Any CPU
		{CD2623BD-3609-4BE9-80EF-0974F3A1A27D}.Debug|ARM.ActiveCfg = Debug|Any CPU
		{CD2623BD-3609-4BE9-80EF-0974F3A1A27D}.Debug|ARM.Build.0 = Debug|Any CPU
		{CD2623BD-3609-4BE9-80EF-0974F3A1A27D}.Debug|iPhone.ActiveCfg = Debug|Any CPU
		{CD2623BD-3609-4BE9-80EF-0974F3A1A27D}.Debug|iPhone.Build.0 = Debug|Any CPU
		{CD2623BD-3609-4BE9-80EF-0974F3A1A27D}.Debug|iPhoneSimulator.ActiveCfg = Debug|Any CPU
		{CD2623BD-3609-4BE9-80EF-0974F3A1A27D}.Debug|iPhoneSimulator.Build.0 = Debug|Any CPU
		{CD2623BD-3609-4BE9-80EF-0974F3A1A27D}.Debug|x64.ActiveCfg = Debug|Any CPU
		{CD2623BD-3609-4BE9-80EF-0974F3A1A27D}.Debug|x64.Build.0 = Debug|Any CPU
		{CD2623BD-3609-4BE9-80EF-0974F3A1A27D}.Debug|x86.ActiveCfg = Debug|Any CPU
		{CD2623BD-3609-4BE9-80EF-0974F3A1A27D}.Debug|x86.Build.0 = Debug|Any CPU
		{CD2623BD-3609-4BE9-80EF-0974F3A1A27D}.LivePlayer|Any CPU.ActiveCfg = Debug|Any CPU
		{CD2623BD-3609-4BE9-80EF-0974F3A1A27D}.LivePlayer|Any CPU.Build.0 = Debug|Any CPU
		{CD2623BD-3609-4BE9-80EF-0974F3A1A27D}.LivePlayer|ARM.ActiveCfg = Debug|Any CPU
		{CD2623BD-3609-4BE9-80EF-0974F3A1A27D}.LivePlayer|ARM.Build.0 = Debug|Any CPU
		{CD2623BD-3609-4BE9-80EF-0974F3A1A27D}.LivePlayer|iPhone.ActiveCfg = Debug|Any CPU
		{CD2623BD-3609-4BE9-80EF-0974F3A1A27D}.LivePlayer|iPhone.Build.0 = Debug|Any CPU
		{CD2623BD-3609-4BE9-80EF-0974F3A1A27D}.LivePlayer|iPhoneSimulator.ActiveCfg = Debug|Any CPU
		{CD2623BD-3609-4BE9-80EF-0974F3A1A27D}.LivePlayer|iPhoneSimulator.Build.0 = Debug|Any CPU
		{CD2623BD-3609-4BE9-80EF-0974F3A1A27D}.LivePlayer|x64.ActiveCfg = Debug|Any CPU
		{CD2623BD-3609-4BE9-80EF-0974F3A1A27D}.LivePlayer|x64.Build.0 = Debug|Any CPU
		{CD2623BD-3609-4BE9-80EF-0974F3A1A27D}.LivePlayer|x86.ActiveCfg = Debug|Any CPU
		{CD2623BD-3609-4BE9-80EF-0974F3A1A27D}.LivePlayer|x86.Build.0 = Debug|Any CPU
		{CD2623BD-3609-4BE9-80EF-0974F3A1A27D}.Release|Any CPU.ActiveCfg = Release|Any CPU
		{CD2623BD-3609-4BE9-80EF-0974F3A1A27D}.Release|Any CPU.Build.0 = Release|Any CPU
		{CD2623BD-3609-4BE9-80EF-0974F3A1A27D}.Release|ARM.ActiveCfg = Release|Any CPU
		{CD2623BD-3609-4BE9-80EF-0974F3A1A27D}.Release|ARM.Build.0 = Release|Any CPU
		{CD2623BD-3609-4BE9-80EF-0974F3A1A27D}.Release|iPhone.ActiveCfg = Release|Any CPU
		{CD2623BD-3609-4BE9-80EF-0974F3A1A27D}.Release|iPhone.Build.0 = Release|Any CPU
		{CD2623BD-3609-4BE9-80EF-0974F3A1A27D}.Release|iPhoneSimulator.ActiveCfg = Release|Any CPU
		{CD2623BD-3609-4BE9-80EF-0974F3A1A27D}.Release|iPhoneSimulator.Build.0 = Release|Any CPU
		{CD2623BD-3609-4BE9-80EF-0974F3A1A27D}.Release|x64.ActiveCfg = Release|Any CPU
		{CD2623BD-3609-4BE9-80EF-0974F3A1A27D}.Release|x64.Build.0 = Release|Any CPU
		{CD2623BD-3609-4BE9-80EF-0974F3A1A27D}.Release|x86.ActiveCfg = Release|Any CPU
		{CD2623BD-3609-4BE9-80EF-0974F3A1A27D}.Release|x86.Build.0 = Release|Any CPU
		{CD2623BD-3609-4BE9-80EF-0974F3A1A27D}.UITest|Any CPU.ActiveCfg = UITest|Any CPU
		{CD2623BD-3609-4BE9-80EF-0974F3A1A27D}.UITest|Any CPU.Build.0 = UITest|Any CPU
		{CD2623BD-3609-4BE9-80EF-0974F3A1A27D}.UITest|ARM.ActiveCfg = UITest|Any CPU
		{CD2623BD-3609-4BE9-80EF-0974F3A1A27D}.UITest|ARM.Build.0 = UITest|Any CPU
		{CD2623BD-3609-4BE9-80EF-0974F3A1A27D}.UITest|iPhone.ActiveCfg = UITest|iPhone
		{CD2623BD-3609-4BE9-80EF-0974F3A1A27D}.UITest|iPhone.Build.0 = UITest|iPhone
		{CD2623BD-3609-4BE9-80EF-0974F3A1A27D}.UITest|iPhoneSimulator.ActiveCfg = UITest|Any CPU
		{CD2623BD-3609-4BE9-80EF-0974F3A1A27D}.UITest|iPhoneSimulator.Build.0 = UITest|Any CPU
		{CD2623BD-3609-4BE9-80EF-0974F3A1A27D}.UITest|x64.ActiveCfg = UITest|Any CPU
		{CD2623BD-3609-4BE9-80EF-0974F3A1A27D}.UITest|x64.Build.0 = UITest|Any CPU
		{CD2623BD-3609-4BE9-80EF-0974F3A1A27D}.UITest|x86.ActiveCfg = UITest|Any CPU
		{CD2623BD-3609-4BE9-80EF-0974F3A1A27D}.UITest|x86.Build.0 = UITest|Any CPU
		{DFA0F0F6-C396-412E-86A9-E9095F71CC36}.Debug|Any CPU.ActiveCfg = Debug|Any CPU
		{DFA0F0F6-C396-412E-86A9-E9095F71CC36}.Debug|Any CPU.Build.0 = Debug|Any CPU
		{DFA0F0F6-C396-412E-86A9-E9095F71CC36}.Debug|ARM.ActiveCfg = Debug|Any CPU
		{DFA0F0F6-C396-412E-86A9-E9095F71CC36}.Debug|ARM.Build.0 = Debug|Any CPU
		{DFA0F0F6-C396-412E-86A9-E9095F71CC36}.Debug|iPhone.ActiveCfg = Debug|Any CPU
		{DFA0F0F6-C396-412E-86A9-E9095F71CC36}.Debug|iPhone.Build.0 = Debug|Any CPU
		{DFA0F0F6-C396-412E-86A9-E9095F71CC36}.Debug|iPhoneSimulator.ActiveCfg = Debug|Any CPU
		{DFA0F0F6-C396-412E-86A9-E9095F71CC36}.Debug|iPhoneSimulator.Build.0 = Debug|Any CPU
		{DFA0F0F6-C396-412E-86A9-E9095F71CC36}.Debug|x64.ActiveCfg = Debug|Any CPU
		{DFA0F0F6-C396-412E-86A9-E9095F71CC36}.Debug|x64.Build.0 = Debug|Any CPU
		{DFA0F0F6-C396-412E-86A9-E9095F71CC36}.Debug|x86.ActiveCfg = Debug|Any CPU
		{DFA0F0F6-C396-412E-86A9-E9095F71CC36}.Debug|x86.Build.0 = Debug|Any CPU
		{DFA0F0F6-C396-412E-86A9-E9095F71CC36}.LivePlayer|Any CPU.ActiveCfg = Debug|Any CPU
		{DFA0F0F6-C396-412E-86A9-E9095F71CC36}.LivePlayer|Any CPU.Build.0 = Debug|Any CPU
		{DFA0F0F6-C396-412E-86A9-E9095F71CC36}.LivePlayer|ARM.ActiveCfg = Debug|Any CPU
		{DFA0F0F6-C396-412E-86A9-E9095F71CC36}.LivePlayer|ARM.Build.0 = Debug|Any CPU
		{DFA0F0F6-C396-412E-86A9-E9095F71CC36}.LivePlayer|iPhone.ActiveCfg = Debug|Any CPU
		{DFA0F0F6-C396-412E-86A9-E9095F71CC36}.LivePlayer|iPhone.Build.0 = Debug|Any CPU
		{DFA0F0F6-C396-412E-86A9-E9095F71CC36}.LivePlayer|iPhoneSimulator.ActiveCfg = Debug|Any CPU
		{DFA0F0F6-C396-412E-86A9-E9095F71CC36}.LivePlayer|iPhoneSimulator.Build.0 = Debug|Any CPU
		{DFA0F0F6-C396-412E-86A9-E9095F71CC36}.LivePlayer|x64.ActiveCfg = Debug|Any CPU
		{DFA0F0F6-C396-412E-86A9-E9095F71CC36}.LivePlayer|x64.Build.0 = Debug|Any CPU
		{DFA0F0F6-C396-412E-86A9-E9095F71CC36}.LivePlayer|x86.ActiveCfg = Debug|Any CPU
		{DFA0F0F6-C396-412E-86A9-E9095F71CC36}.LivePlayer|x86.Build.0 = Debug|Any CPU
		{DFA0F0F6-C396-412E-86A9-E9095F71CC36}.Release|Any CPU.ActiveCfg = Release|Any CPU
		{DFA0F0F6-C396-412E-86A9-E9095F71CC36}.Release|Any CPU.Build.0 = Release|Any CPU
		{DFA0F0F6-C396-412E-86A9-E9095F71CC36}.Release|ARM.ActiveCfg = Release|Any CPU
		{DFA0F0F6-C396-412E-86A9-E9095F71CC36}.Release|ARM.Build.0 = Release|Any CPU
		{DFA0F0F6-C396-412E-86A9-E9095F71CC36}.Release|iPhone.ActiveCfg = Release|Any CPU
		{DFA0F0F6-C396-412E-86A9-E9095F71CC36}.Release|iPhone.Build.0 = Release|Any CPU
		{DFA0F0F6-C396-412E-86A9-E9095F71CC36}.Release|iPhoneSimulator.ActiveCfg = Release|Any CPU
		{DFA0F0F6-C396-412E-86A9-E9095F71CC36}.Release|iPhoneSimulator.Build.0 = Release|Any CPU
		{DFA0F0F6-C396-412E-86A9-E9095F71CC36}.Release|x64.ActiveCfg = Release|Any CPU
		{DFA0F0F6-C396-412E-86A9-E9095F71CC36}.Release|x64.Build.0 = Release|Any CPU
		{DFA0F0F6-C396-412E-86A9-E9095F71CC36}.Release|x86.ActiveCfg = Release|Any CPU
		{DFA0F0F6-C396-412E-86A9-E9095F71CC36}.Release|x86.Build.0 = Release|Any CPU
		{DFA0F0F6-C396-412E-86A9-E9095F71CC36}.UITest|Any CPU.ActiveCfg = Release|Any CPU
		{DFA0F0F6-C396-412E-86A9-E9095F71CC36}.UITest|Any CPU.Build.0 = Release|Any CPU
		{DFA0F0F6-C396-412E-86A9-E9095F71CC36}.UITest|ARM.ActiveCfg = Release|Any CPU
		{DFA0F0F6-C396-412E-86A9-E9095F71CC36}.UITest|ARM.Build.0 = Release|Any CPU
		{DFA0F0F6-C396-412E-86A9-E9095F71CC36}.UITest|iPhone.ActiveCfg = Release|Any CPU
		{DFA0F0F6-C396-412E-86A9-E9095F71CC36}.UITest|iPhone.Build.0 = Release|Any CPU
		{DFA0F0F6-C396-412E-86A9-E9095F71CC36}.UITest|iPhoneSimulator.ActiveCfg = Release|Any CPU
		{DFA0F0F6-C396-412E-86A9-E9095F71CC36}.UITest|iPhoneSimulator.Build.0 = Release|Any CPU
		{DFA0F0F6-C396-412E-86A9-E9095F71CC36}.UITest|x64.ActiveCfg = Release|Any CPU
		{DFA0F0F6-C396-412E-86A9-E9095F71CC36}.UITest|x64.Build.0 = Release|Any CPU
		{DFA0F0F6-C396-412E-86A9-E9095F71CC36}.UITest|x86.ActiveCfg = Release|Any CPU
		{DFA0F0F6-C396-412E-86A9-E9095F71CC36}.UITest|x86.Build.0 = Release|Any CPU
		{3F4527EF-1454-4EFF-AB5C-CBE235E3DA9B}.Debug|Any CPU.ActiveCfg = Debug|iPhoneSimulator
		{3F4527EF-1454-4EFF-AB5C-CBE235E3DA9B}.Debug|Any CPU.Build.0 = Debug|iPhoneSimulator
		{3F4527EF-1454-4EFF-AB5C-CBE235E3DA9B}.Debug|ARM.ActiveCfg = Debug|iPhoneSimulator
		{3F4527EF-1454-4EFF-AB5C-CBE235E3DA9B}.Debug|ARM.Build.0 = Debug|iPhoneSimulator
		{3F4527EF-1454-4EFF-AB5C-CBE235E3DA9B}.Debug|iPhone.ActiveCfg = Debug|iPhone
		{3F4527EF-1454-4EFF-AB5C-CBE235E3DA9B}.Debug|iPhoneSimulator.ActiveCfg = Debug|iPhoneSimulator
		{3F4527EF-1454-4EFF-AB5C-CBE235E3DA9B}.Debug|x64.ActiveCfg = Debug|iPhoneSimulator
		{3F4527EF-1454-4EFF-AB5C-CBE235E3DA9B}.Debug|x64.Build.0 = Debug|iPhoneSimulator
		{3F4527EF-1454-4EFF-AB5C-CBE235E3DA9B}.Debug|x86.ActiveCfg = Debug|iPhoneSimulator
		{3F4527EF-1454-4EFF-AB5C-CBE235E3DA9B}.Debug|x86.Build.0 = Debug|iPhoneSimulator
		{3F4527EF-1454-4EFF-AB5C-CBE235E3DA9B}.LivePlayer|Any CPU.ActiveCfg = Debug|iPhoneSimulator
		{3F4527EF-1454-4EFF-AB5C-CBE235E3DA9B}.LivePlayer|Any CPU.Build.0 = Debug|iPhoneSimulator
		{3F4527EF-1454-4EFF-AB5C-CBE235E3DA9B}.LivePlayer|ARM.ActiveCfg = Debug|iPhoneSimulator
		{3F4527EF-1454-4EFF-AB5C-CBE235E3DA9B}.LivePlayer|ARM.Build.0 = Debug|iPhoneSimulator
		{3F4527EF-1454-4EFF-AB5C-CBE235E3DA9B}.LivePlayer|iPhone.ActiveCfg = Debug|iPhone
		{3F4527EF-1454-4EFF-AB5C-CBE235E3DA9B}.LivePlayer|iPhoneSimulator.ActiveCfg = Debug|iPhoneSimulator
		{3F4527EF-1454-4EFF-AB5C-CBE235E3DA9B}.LivePlayer|x64.ActiveCfg = Debug|iPhoneSimulator
		{3F4527EF-1454-4EFF-AB5C-CBE235E3DA9B}.LivePlayer|x64.Build.0 = Debug|iPhoneSimulator
		{3F4527EF-1454-4EFF-AB5C-CBE235E3DA9B}.LivePlayer|x86.ActiveCfg = Debug|iPhoneSimulator
		{3F4527EF-1454-4EFF-AB5C-CBE235E3DA9B}.LivePlayer|x86.Build.0 = Debug|iPhoneSimulator
		{3F4527EF-1454-4EFF-AB5C-CBE235E3DA9B}.Release|Any CPU.ActiveCfg = Release|iPhone
		{3F4527EF-1454-4EFF-AB5C-CBE235E3DA9B}.Release|Any CPU.Build.0 = Release|iPhone
		{3F4527EF-1454-4EFF-AB5C-CBE235E3DA9B}.Release|ARM.ActiveCfg = Release|iPhone
		{3F4527EF-1454-4EFF-AB5C-CBE235E3DA9B}.Release|ARM.Build.0 = Release|iPhone
		{3F4527EF-1454-4EFF-AB5C-CBE235E3DA9B}.Release|iPhone.ActiveCfg = Release|iPhone
		{3F4527EF-1454-4EFF-AB5C-CBE235E3DA9B}.Release|iPhoneSimulator.ActiveCfg = Release|iPhoneSimulator
		{3F4527EF-1454-4EFF-AB5C-CBE235E3DA9B}.Release|iPhoneSimulator.Build.0 = Release|iPhoneSimulator
		{3F4527EF-1454-4EFF-AB5C-CBE235E3DA9B}.Release|x64.ActiveCfg = Release|iPhone
		{3F4527EF-1454-4EFF-AB5C-CBE235E3DA9B}.Release|x64.Build.0 = Release|iPhone
		{3F4527EF-1454-4EFF-AB5C-CBE235E3DA9B}.Release|x86.ActiveCfg = Release|iPhone
		{3F4527EF-1454-4EFF-AB5C-CBE235E3DA9B}.Release|x86.Build.0 = Release|iPhone
		{3F4527EF-1454-4EFF-AB5C-CBE235E3DA9B}.UITest|Any CPU.ActiveCfg = Debug|iPhoneSimulator
		{3F4527EF-1454-4EFF-AB5C-CBE235E3DA9B}.UITest|Any CPU.Build.0 = Debug|iPhoneSimulator
		{3F4527EF-1454-4EFF-AB5C-CBE235E3DA9B}.UITest|ARM.ActiveCfg = Debug|iPhoneSimulator
		{3F4527EF-1454-4EFF-AB5C-CBE235E3DA9B}.UITest|ARM.Build.0 = Debug|iPhoneSimulator
		{3F4527EF-1454-4EFF-AB5C-CBE235E3DA9B}.UITest|iPhone.ActiveCfg = Release|iPhone
		{3F4527EF-1454-4EFF-AB5C-CBE235E3DA9B}.UITest|iPhone.Build.0 = Release|iPhone
		{3F4527EF-1454-4EFF-AB5C-CBE235E3DA9B}.UITest|iPhoneSimulator.ActiveCfg = Release|iPhoneSimulator
		{3F4527EF-1454-4EFF-AB5C-CBE235E3DA9B}.UITest|iPhoneSimulator.Build.0 = Release|iPhoneSimulator
		{3F4527EF-1454-4EFF-AB5C-CBE235E3DA9B}.UITest|x64.ActiveCfg = Debug|iPhoneSimulator
		{3F4527EF-1454-4EFF-AB5C-CBE235E3DA9B}.UITest|x64.Build.0 = Debug|iPhoneSimulator
		{3F4527EF-1454-4EFF-AB5C-CBE235E3DA9B}.UITest|x86.ActiveCfg = Debug|iPhoneSimulator
		{3F4527EF-1454-4EFF-AB5C-CBE235E3DA9B}.UITest|x86.Build.0 = Debug|iPhoneSimulator
		{7B4C73DF-8A4A-4AD1-92D9-A064065CDD71}.Debug|Any CPU.ActiveCfg = Debug|Any CPU
		{7B4C73DF-8A4A-4AD1-92D9-A064065CDD71}.Debug|Any CPU.Build.0 = Debug|Any CPU
		{7B4C73DF-8A4A-4AD1-92D9-A064065CDD71}.Debug|ARM.ActiveCfg = Debug|Any CPU
		{7B4C73DF-8A4A-4AD1-92D9-A064065CDD71}.Debug|ARM.Build.0 = Debug|Any CPU
		{7B4C73DF-8A4A-4AD1-92D9-A064065CDD71}.Debug|iPhone.ActiveCfg = Debug|Any CPU
		{7B4C73DF-8A4A-4AD1-92D9-A064065CDD71}.Debug|iPhone.Build.0 = Debug|Any CPU
		{7B4C73DF-8A4A-4AD1-92D9-A064065CDD71}.Debug|iPhoneSimulator.ActiveCfg = Debug|Any CPU
		{7B4C73DF-8A4A-4AD1-92D9-A064065CDD71}.Debug|iPhoneSimulator.Build.0 = Debug|Any CPU
		{7B4C73DF-8A4A-4AD1-92D9-A064065CDD71}.Debug|x64.ActiveCfg = Debug|Any CPU
		{7B4C73DF-8A4A-4AD1-92D9-A064065CDD71}.Debug|x64.Build.0 = Debug|Any CPU
		{7B4C73DF-8A4A-4AD1-92D9-A064065CDD71}.Debug|x86.ActiveCfg = Debug|Any CPU
		{7B4C73DF-8A4A-4AD1-92D9-A064065CDD71}.Debug|x86.Build.0 = Debug|Any CPU
		{7B4C73DF-8A4A-4AD1-92D9-A064065CDD71}.LivePlayer|Any CPU.ActiveCfg = Debug|Any CPU
		{7B4C73DF-8A4A-4AD1-92D9-A064065CDD71}.LivePlayer|Any CPU.Build.0 = Debug|Any CPU
		{7B4C73DF-8A4A-4AD1-92D9-A064065CDD71}.LivePlayer|ARM.ActiveCfg = Debug|Any CPU
		{7B4C73DF-8A4A-4AD1-92D9-A064065CDD71}.LivePlayer|ARM.Build.0 = Debug|Any CPU
		{7B4C73DF-8A4A-4AD1-92D9-A064065CDD71}.LivePlayer|iPhone.ActiveCfg = Debug|Any CPU
		{7B4C73DF-8A4A-4AD1-92D9-A064065CDD71}.LivePlayer|iPhone.Build.0 = Debug|Any CPU
		{7B4C73DF-8A4A-4AD1-92D9-A064065CDD71}.LivePlayer|iPhoneSimulator.ActiveCfg = Debug|Any CPU
		{7B4C73DF-8A4A-4AD1-92D9-A064065CDD71}.LivePlayer|iPhoneSimulator.Build.0 = Debug|Any CPU
		{7B4C73DF-8A4A-4AD1-92D9-A064065CDD71}.LivePlayer|x64.ActiveCfg = Debug|Any CPU
		{7B4C73DF-8A4A-4AD1-92D9-A064065CDD71}.LivePlayer|x64.Build.0 = Debug|Any CPU
		{7B4C73DF-8A4A-4AD1-92D9-A064065CDD71}.LivePlayer|x86.ActiveCfg = Debug|Any CPU
		{7B4C73DF-8A4A-4AD1-92D9-A064065CDD71}.LivePlayer|x86.Build.0 = Debug|Any CPU
		{7B4C73DF-8A4A-4AD1-92D9-A064065CDD71}.Release|Any CPU.ActiveCfg = Release|Any CPU
		{7B4C73DF-8A4A-4AD1-92D9-A064065CDD71}.Release|Any CPU.Build.0 = Release|Any CPU
		{7B4C73DF-8A4A-4AD1-92D9-A064065CDD71}.Release|ARM.ActiveCfg = Release|Any CPU
		{7B4C73DF-8A4A-4AD1-92D9-A064065CDD71}.Release|ARM.Build.0 = Release|Any CPU
		{7B4C73DF-8A4A-4AD1-92D9-A064065CDD71}.Release|iPhone.ActiveCfg = Release|Any CPU
		{7B4C73DF-8A4A-4AD1-92D9-A064065CDD71}.Release|iPhone.Build.0 = Release|Any CPU
		{7B4C73DF-8A4A-4AD1-92D9-A064065CDD71}.Release|iPhoneSimulator.ActiveCfg = Release|Any CPU
		{7B4C73DF-8A4A-4AD1-92D9-A064065CDD71}.Release|iPhoneSimulator.Build.0 = Release|Any CPU
		{7B4C73DF-8A4A-4AD1-92D9-A064065CDD71}.Release|x64.ActiveCfg = Release|Any CPU
		{7B4C73DF-8A4A-4AD1-92D9-A064065CDD71}.Release|x64.Build.0 = Release|Any CPU
		{7B4C73DF-8A4A-4AD1-92D9-A064065CDD71}.Release|x86.ActiveCfg = Release|Any CPU
		{7B4C73DF-8A4A-4AD1-92D9-A064065CDD71}.Release|x86.Build.0 = Release|Any CPU
		{7B4C73DF-8A4A-4AD1-92D9-A064065CDD71}.UITest|Any CPU.ActiveCfg = Release|Any CPU
		{7B4C73DF-8A4A-4AD1-92D9-A064065CDD71}.UITest|Any CPU.Build.0 = Release|Any CPU
		{7B4C73DF-8A4A-4AD1-92D9-A064065CDD71}.UITest|ARM.ActiveCfg = Release|Any CPU
		{7B4C73DF-8A4A-4AD1-92D9-A064065CDD71}.UITest|ARM.Build.0 = Release|Any CPU
		{7B4C73DF-8A4A-4AD1-92D9-A064065CDD71}.UITest|iPhone.ActiveCfg = Release|Any CPU
		{7B4C73DF-8A4A-4AD1-92D9-A064065CDD71}.UITest|iPhone.Build.0 = Release|Any CPU
		{7B4C73DF-8A4A-4AD1-92D9-A064065CDD71}.UITest|iPhoneSimulator.ActiveCfg = Release|Any CPU
		{7B4C73DF-8A4A-4AD1-92D9-A064065CDD71}.UITest|iPhoneSimulator.Build.0 = Release|Any CPU
		{7B4C73DF-8A4A-4AD1-92D9-A064065CDD71}.UITest|x64.ActiveCfg = Release|Any CPU
		{7B4C73DF-8A4A-4AD1-92D9-A064065CDD71}.UITest|x64.Build.0 = Release|Any CPU
		{7B4C73DF-8A4A-4AD1-92D9-A064065CDD71}.UITest|x86.ActiveCfg = Release|Any CPU
		{7B4C73DF-8A4A-4AD1-92D9-A064065CDD71}.UITest|x86.Build.0 = Release|Any CPU
	EndGlobalSection
	GlobalSection(SolutionProperties) = preSolution
		HideSolutionNode = FALSE
	EndGlobalSection
	GlobalSection(NestedProjects) = preSolution
		{C4B4592F-6AC4-4FE6-B63E-5D2DE47FD340} = {B3B306B8-9A3D-4CD6-81FD-9C9EAB3C5788}
		{22F77CDE-8816-45D7-A7A1-CA9282145F0A} = {B3B306B8-9A3D-4CD6-81FD-9C9EAB3C5788}
		{434442F3-9AF2-4A19-9151-EFBD731BD367} = {DC9BA4C6-1267-449A-95F2-AB7A8B53F65D}
		{CD2623BD-3609-4BE9-80EF-0974F3A1A27D} = {DC9BA4C6-1267-449A-95F2-AB7A8B53F65D}
		{DFA0F0F6-C396-412E-86A9-E9095F71CC36} = {DC9BA4C6-1267-449A-95F2-AB7A8B53F65D}
		{A5CD4234-9303-494B-B975-C005713A885F} = {B3B306B8-9A3D-4CD6-81FD-9C9EAB3C5788}
		{3F4527EF-1454-4EFF-AB5C-CBE235E3DA9B} = {A5CD4234-9303-494B-B975-C005713A885F}
		{7B4C73DF-8A4A-4AD1-92D9-A064065CDD71} = {8D118106-3CF2-4674-978C-C9133AD91F39}
	EndGlobalSection
	GlobalSection(ExtensibilityGlobals) = postSolution
		SolutionGuid = {99195DFD-D57B-48C9-95EE-ED1C95C8220C}
	EndGlobalSection
	GlobalSection(MonoDevelopProperties) = preSolution
		Policies = $0
		$0.DotNetNamingPolicy = $1
		$1.DirectoryNamespaceAssociation = None
		$1.ResourceNamePolicy = FileName
	EndGlobalSection
EndGlobal
